// !$*UTF8*$!
{
	archiveVersion = 1;
	classes = {
	};
	objectVersion = 46;
	objects = {

/* Begin PBXBuildFile section */
		350D6DFE16CCBE4A003E91A2 /* CoreMotion.framework in Frameworks */ = {isa = PBXBuildFile; fileRef = 350D6DFD16CCBE4A003E91A2 /* CoreMotion.framework */; };
		350D6E0116CDA3AF003E91A2 /* ButtonEffects.m in Sources */ = {isa = PBXBuildFile; fileRef = 350D6DFF16CDA3AF003E91A2 /* ButtonEffects.m */; };
		350D6E0416CDBD75003E91A2 /* SVProgressHUD.m in Sources */ = {isa = PBXBuildFile; fileRef = 350D6E0316CDBD75003E91A2 /* SVProgressHUD.m */; };
		35BF260B16CC8F920089F647 /* noclip.png in Resources */ = {isa = PBXBuildFile; fileRef = 35E3DDE916CC7D87001AE3A4 /* noclip.png */; };
		35BF260C16CC8F920089F647 /* noclip@2x.png in Resources */ = {isa = PBXBuildFile; fileRef = 35E3DDEA16CC7D87001AE3A4 /* noclip@2x.png */; };
		35BF260D16CC8F920089F647 /* record.png in Resources */ = {isa = PBXBuildFile; fileRef = 35E3DDEB16CC7D87001AE3A4 /* record.png */; };
		35BF260E16CC8F920089F647 /* record@2x.png in Resources */ = {isa = PBXBuildFile; fileRef = 35E3DDEC16CC7D87001AE3A4 /* record@2x.png */; };
		35BF260F16CC8F920089F647 /* part1.m4a in Resources */ = {isa = PBXBuildFile; fileRef = 35E3DE1116CC7D87001AE3A4 /* part1.m4a */; };
		35BF261016CC8F920089F647 /* part2.m4a in Resources */ = {isa = PBXBuildFile; fileRef = 35E3DE1216CC7D87001AE3A4 /* part2.m4a */; };
		35BF261316D005640089F647 /* play.png in Resources */ = {isa = PBXBuildFile; fileRef = 35BF261116D005640089F647 /* play.png */; };
		35BF261416D005640089F647 /* play@2x.png in Resources */ = {isa = PBXBuildFile; fileRef = 35BF261216D005640089F647 /* play@2x.png */; };
		35BF261616D007860089F647 /* SVProgressHUD_LICENSE in Resources */ = {isa = PBXBuildFile; fileRef = 35BF261516D007860089F647 /* SVProgressHUD_LICENSE */; };
		35BF261916D00C320089F647 /* ImageHelpers.m in Sources */ = {isa = PBXBuildFile; fileRef = 35BF261716D00C320089F647 /* ImageHelpers.m */; };
		35BF261B16D0131E0089F647 /* MessageUI.framework in Frameworks */ = {isa = PBXBuildFile; fileRef = 35BF261A16D0131E0089F647 /* MessageUI.framework */; };
		35BF262216D14CF70089F647 /* icon.png in Resources */ = {isa = PBXBuildFile; fileRef = 35BF261E16D14CF70089F647 /* icon.png */; };
		35BF262416D14CF70089F647 /* icon@2x.png in Resources */ = {isa = PBXBuildFile; fileRef = 35BF262016D14CF70089F647 /* icon@2x.png */; };
		35BF262A16D153DA0089F647 /* Accounts.framework in Frameworks */ = {isa = PBXBuildFile; fileRef = 35BF262716D153DA0089F647 /* Accounts.framework */; };
		35BF262B16D153DA0089F647 /* AdSupport.framework in Frameworks */ = {isa = PBXBuildFile; fileRef = 35BF262816D153DA0089F647 /* AdSupport.framework */; };
		35BF262C16D153DA0089F647 /* Social.framework in Frameworks */ = {isa = PBXBuildFile; fileRef = 35BF262916D153DA0089F647 /* Social.framework */; };
		35BF268E16D1BBA20089F647 /* Facebook.m in Sources */ = {isa = PBXBuildFile; fileRef = 35BF263116D1BBA20089F647 /* Facebook.m */; settings = {COMPILER_FLAGS = "-fno-objc-arc"; }; };
		35BF268F16D1BBA20089F647 /* FacebookSDKResources.bundle in Resources */ = {isa = PBXBuildFile; fileRef = 35BF263316D1BBA20089F647 /* FacebookSDKResources.bundle */; };
		35BF269016D1BBA20089F647 /* FBCacheDescriptor.m in Sources */ = {isa = PBXBuildFile; fileRef = 35BF263516D1BBA20089F647 /* FBCacheDescriptor.m */; settings = {COMPILER_FLAGS = "-fno-objc-arc"; }; };
		35BF269116D1BBA20089F647 /* FBCacheIndex.m in Sources */ = {isa = PBXBuildFile; fileRef = 35BF263716D1BBA20089F647 /* FBCacheIndex.m */; settings = {COMPILER_FLAGS = "-fno-objc-arc"; }; };
		35BF269216D1BBA20089F647 /* FBContentLink.m in Sources */ = {isa = PBXBuildFile; fileRef = 35BF263A16D1BBA20089F647 /* FBContentLink.m */; settings = {COMPILER_FLAGS = "-fno-objc-arc"; }; };
		35BF269316D1BBA20089F647 /* FBDataDiskCache.m in Sources */ = {isa = PBXBuildFile; fileRef = 35BF263C16D1BBA20089F647 /* FBDataDiskCache.m */; settings = {COMPILER_FLAGS = "-fno-objc-arc"; }; };
		35BF269416D1BBA20089F647 /* FBDialog.m in Sources */ = {isa = PBXBuildFile; fileRef = 35BF263E16D1BBA20089F647 /* FBDialog.m */; settings = {COMPILER_FLAGS = "-fno-objc-arc"; }; };
		35BF269516D1BBA20089F647 /* FBError.m in Sources */ = {isa = PBXBuildFile; fileRef = 35BF264016D1BBA20089F647 /* FBError.m */; settings = {COMPILER_FLAGS = "-fno-objc-arc"; }; };
		35BF269616D1BBA20089F647 /* FBFrictionlessRequestSettings.m in Sources */ = {isa = PBXBuildFile; fileRef = 35BF264216D1BBA20089F647 /* FBFrictionlessRequestSettings.m */; settings = {COMPILER_FLAGS = "-fno-objc-arc"; }; };
		35BF269716D1BBA20089F647 /* FBFriendPickerCacheDescriptor.m in Sources */ = {isa = PBXBuildFile; fileRef = 35BF264416D1BBA20089F647 /* FBFriendPickerCacheDescriptor.m */; settings = {COMPILER_FLAGS = "-fno-objc-arc"; }; };
		35BF269816D1BBA20089F647 /* FBFriendPickerViewController.m in Sources */ = {isa = PBXBuildFile; fileRef = 35BF264716D1BBA20089F647 /* FBFriendPickerViewController.m */; settings = {COMPILER_FLAGS = "-fno-objc-arc"; }; };
		35BF269916D1BBA20089F647 /* FBGraphObject.m in Sources */ = {isa = PBXBuildFile; fileRef = 35BF264A16D1BBA20089F647 /* FBGraphObject.m */; settings = {COMPILER_FLAGS = "-fno-objc-arc"; }; };
		35BF269A16D1BBA20089F647 /* FBGraphObjectPagingLoader.m in Sources */ = {isa = PBXBuildFile; fileRef = 35BF264C16D1BBA20089F647 /* FBGraphObjectPagingLoader.m */; settings = {COMPILER_FLAGS = "-fno-objc-arc"; }; };
		35BF269B16D1BBA20089F647 /* FBGraphObjectTableCell.m in Sources */ = {isa = PBXBuildFile; fileRef = 35BF264E16D1BBA20089F647 /* FBGraphObjectTableCell.m */; settings = {COMPILER_FLAGS = "-fno-objc-arc"; }; };
		35BF269C16D1BBA20089F647 /* FBGraphObjectTableDataSource.m in Sources */ = {isa = PBXBuildFile; fileRef = 35BF265016D1BBA20089F647 /* FBGraphObjectTableDataSource.m */; settings = {COMPILER_FLAGS = "-fno-objc-arc"; }; };
		35BF269D16D1BBA20089F647 /* FBGraphObjectTableSelection.m in Sources */ = {isa = PBXBuildFile; fileRef = 35BF265216D1BBA20089F647 /* FBGraphObjectTableSelection.m */; settings = {COMPILER_FLAGS = "-fno-objc-arc"; }; };
		35BF269E16D1BBA20089F647 /* FBLogger.m in Sources */ = {isa = PBXBuildFile; fileRef = 35BF265616D1BBA20089F647 /* FBLogger.m */; settings = {COMPILER_FLAGS = "-fno-objc-arc"; }; };
		35BF269F16D1BBA20089F647 /* FBLoginDialog.m in Sources */ = {isa = PBXBuildFile; fileRef = 35BF265816D1BBA20089F647 /* FBLoginDialog.m */; settings = {COMPILER_FLAGS = "-fno-objc-arc"; }; };
		35BF26A016D1BBA20089F647 /* FBLoginView.m in Sources */ = {isa = PBXBuildFile; fileRef = 35BF265A16D1BBA20089F647 /* FBLoginView.m */; settings = {COMPILER_FLAGS = "-fno-objc-arc"; }; };
		35BF26A116D1BBA20089F647 /* FBNativeDialogs.m in Sources */ = {isa = PBXBuildFile; fileRef = 35BF265C16D1BBA20089F647 /* FBNativeDialogs.m */; settings = {COMPILER_FLAGS = "-fno-objc-arc"; }; };
		35BF26A216D1BBA20089F647 /* FBPlacePickerCacheDescriptor.m in Sources */ = {isa = PBXBuildFile; fileRef = 35BF265F16D1BBA20089F647 /* FBPlacePickerCacheDescriptor.m */; settings = {COMPILER_FLAGS = "-fno-objc-arc"; }; };
		35BF26A316D1BBA20089F647 /* FBPlacePickerViewController.m in Sources */ = {isa = PBXBuildFile; fileRef = 35BF266216D1BBA20089F647 /* FBPlacePickerViewController.m */; settings = {COMPILER_FLAGS = "-fno-objc-arc"; }; };
		35BF26A416D1BBA20089F647 /* FBProfilePictureView.m in Sources */ = {isa = PBXBuildFile; fileRef = 35BF266416D1BBA20089F647 /* FBProfilePictureView.m */; settings = {COMPILER_FLAGS = "-fno-objc-arc"; }; };
		35BF26A516D1BBA20089F647 /* FBRequest.m in Sources */ = {isa = PBXBuildFile; fileRef = 35BF266616D1BBA20089F647 /* FBRequest.m */; settings = {COMPILER_FLAGS = "-fno-objc-arc"; }; };
		35BF26A616D1BBA20089F647 /* FBRequestBody.m in Sources */ = {isa = PBXBuildFile; fileRef = 35BF266816D1BBA20089F647 /* FBRequestBody.m */; settings = {COMPILER_FLAGS = "-fno-objc-arc"; }; };
		35BF26A716D1BBA20089F647 /* FBRequestConnection.m in Sources */ = {isa = PBXBuildFile; fileRef = 35BF266B16D1BBA20089F647 /* FBRequestConnection.m */; settings = {COMPILER_FLAGS = "-fno-objc-arc"; }; };
		35BF26A816D1BBA20089F647 /* FBSession.m in Sources */ = {isa = PBXBuildFile; fileRef = 35BF267016D1BBA20089F647 /* FBSession.m */; settings = {COMPILER_FLAGS = "-fno-objc-arc"; }; };
		35BF26A916D1BBA20089F647 /* FBSessionManualTokenCachingStrategy.m in Sources */ = {isa = PBXBuildFile; fileRef = 35BF267216D1BBA20089F647 /* FBSessionManualTokenCachingStrategy.m */; settings = {COMPILER_FLAGS = "-fno-objc-arc"; }; };
		35BF26AA16D1BBA20089F647 /* FBSessionTokenCachingStrategy.m in Sources */ = {isa = PBXBuildFile; fileRef = 35BF267416D1BBA20089F647 /* FBSessionTokenCachingStrategy.m */; settings = {COMPILER_FLAGS = "-fno-objc-arc"; }; };
		35BF26AB16D1BBA20089F647 /* FBSettings.m in Sources */ = {isa = PBXBuildFile; fileRef = 35BF267716D1BBA20089F647 /* FBSettings.m */; settings = {COMPILER_FLAGS = "-fno-objc-arc"; }; };
		35BF26AC16D1BBA20089F647 /* FBTestSession.m in Sources */ = {isa = PBXBuildFile; fileRef = 35BF267A16D1BBA20089F647 /* FBTestSession.m */; settings = {COMPILER_FLAGS = "-fno-objc-arc"; }; };
		35BF26AD16D1BBA20089F647 /* FBURLConnection.m in Sources */ = {isa = PBXBuildFile; fileRef = 35BF267C16D1BBA20089F647 /* FBURLConnection.m */; settings = {COMPILER_FLAGS = "-fno-objc-arc"; }; };
		35BF26AE16D1BBA20089F647 /* FBUserSettingsViewController.m in Sources */ = {isa = PBXBuildFile; fileRef = 35BF267E16D1BBA20089F647 /* FBUserSettingsViewController.m */; settings = {COMPILER_FLAGS = "-fno-objc-arc"; }; };
		35BF26AF16D1BBA20089F647 /* FBUserSettingsViewResources.bundle in Resources */ = {isa = PBXBuildFile; fileRef = 35BF267F16D1BBA20089F647 /* FBUserSettingsViewResources.bundle */; };
		35BF26B016D1BBA20089F647 /* FBUtility.m in Sources */ = {isa = PBXBuildFile; fileRef = 35BF268116D1BBA20089F647 /* FBUtility.m */; settings = {COMPILER_FLAGS = "-fno-objc-arc"; }; };
		35BF26B116D1BBA20089F647 /* FBViewController.m in Sources */ = {isa = PBXBuildFile; fileRef = 35BF268416D1BBA20089F647 /* FBViewController.m */; settings = {COMPILER_FLAGS = "-fno-objc-arc"; }; };
		35BF26B216D1BBA20089F647 /* FBSBJSON.m in Sources */ = {isa = PBXBuildFile; fileRef = 35BF268716D1BBA20089F647 /* FBSBJSON.m */; settings = {COMPILER_FLAGS = "-fno-objc-arc"; }; };
		35BF26B316D1BBA20089F647 /* FBSBJsonBase.m in Sources */ = {isa = PBXBuildFile; fileRef = 35BF268916D1BBA20089F647 /* FBSBJsonBase.m */; settings = {COMPILER_FLAGS = "-fno-objc-arc"; }; };
		35BF26B416D1BBA20089F647 /* FBSBJsonParser.m in Sources */ = {isa = PBXBuildFile; fileRef = 35BF268B16D1BBA20089F647 /* FBSBJsonParser.m */; settings = {COMPILER_FLAGS = "-fno-objc-arc"; }; };
		35BF26B516D1BBA20089F647 /* FBSBJsonWriter.m in Sources */ = {isa = PBXBuildFile; fileRef = 35BF268D16D1BBA20089F647 /* FBSBJsonWriter.m */; settings = {COMPILER_FLAGS = "-fno-objc-arc"; }; };
		35E3DDCB16CC7C9A001AE3A4 /* UIKit.framework in Frameworks */ = {isa = PBXBuildFile; fileRef = 35E3DDCA16CC7C9A001AE3A4 /* UIKit.framework */; };
		35E3DDCD16CC7C9A001AE3A4 /* Foundation.framework in Frameworks */ = {isa = PBXBuildFile; fileRef = 35E3DDCC16CC7C9A001AE3A4 /* Foundation.framework */; };
		35E3DDCF16CC7C9A001AE3A4 /* CoreGraphics.framework in Frameworks */ = {isa = PBXBuildFile; fileRef = 35E3DDCE16CC7C9A001AE3A4 /* CoreGraphics.framework */; };
		35E3DDD516CC7C9A001AE3A4 /* InfoPlist.strings in Resources */ = {isa = PBXBuildFile; fileRef = 35E3DDD316CC7C9A001AE3A4 /* InfoPlist.strings */; };
		35E3DDD716CC7C9A001AE3A4 /* main.m in Sources */ = {isa = PBXBuildFile; fileRef = 35E3DDD616CC7C9A001AE3A4 /* main.m */; };
		35E3DDDB16CC7C9A001AE3A4 /* AppDelegate.m in Sources */ = {isa = PBXBuildFile; fileRef = 35E3DDDA16CC7C9A001AE3A4 /* AppDelegate.m */; };
		35E3DDDD16CC7C9A001AE3A4 /* Default.png in Resources */ = {isa = PBXBuildFile; fileRef = 35E3DDDC16CC7C9A001AE3A4 /* Default.png */; };
		35E3DDDF16CC7C9A001AE3A4 /* Default@2x.png in Resources */ = {isa = PBXBuildFile; fileRef = 35E3DDDE16CC7C9A001AE3A4 /* Default@2x.png */; };
		35E3DDE116CC7C9A001AE3A4 /* Default-568h@2x.png in Resources */ = {isa = PBXBuildFile; fileRef = 35E3DDE016CC7C9A001AE3A4 /* Default-568h@2x.png */; };
		35E3DE1716CC7D87001AE3A4 /* ClipRecorderViewController.m in Sources */ = {isa = PBXBuildFile; fileRef = 35E3DDF016CC7D87001AE3A4 /* ClipRecorderViewController.m */; };
		35E3DE1816CC7D87001AE3A4 /* RecordingOptionsViewController.m in Sources */ = {isa = PBXBuildFile; fileRef = 35E3DDF216CC7D87001AE3A4 /* RecordingOptionsViewController.m */; };
		35E3DE1916CC7D87001AE3A4 /* TestCameraViewController.m in Sources */ = {isa = PBXBuildFile; fileRef = 35E3DDF416CC7D87001AE3A4 /* TestCameraViewController.m */; };
		35E3DE1A16CC7D87001AE3A4 /* TextEditViewController.m in Sources */ = {isa = PBXBuildFile; fileRef = 35E3DDF616CC7D87001AE3A4 /* TextEditViewController.m */; };
		35E3DE1B16CC7D87001AE3A4 /* VideoInfoViewController.m in Sources */ = {isa = PBXBuildFile; fileRef = 35E3DDF816CC7D87001AE3A4 /* VideoInfoViewController.m */; };
		35E3DE1C16CC7D87001AE3A4 /* VideoListViewController.m in Sources */ = {isa = PBXBuildFile; fileRef = 35E3DDFA16CC7D87001AE3A4 /* VideoListViewController.m */; };
		35E3DE1D16CC7D87001AE3A4 /* EXDebug.m in Sources */ = {isa = PBXBuildFile; fileRef = 35E3DDFD16CC7D87001AE3A4 /* EXDebug.m */; };
		35E3DE1E16CC7D87001AE3A4 /* EXRemoteLog.m in Sources */ = {isa = PBXBuildFile; fileRef = 35E3DDFF16CC7D87001AE3A4 /* EXRemoteLog.m */; };
		35E3DE1F16CC7D87001AE3A4 /* PersistentDictionary.m in Sources */ = {isa = PBXBuildFile; fileRef = 35E3DE0116CC7D87001AE3A4 /* PersistentDictionary.m */; };
		35E3DE2016CC7D87001AE3A4 /* SingletonHelper.m in Sources */ = {isa = PBXBuildFile; fileRef = 35E3DE0316CC7D87001AE3A4 /* SingletonHelper.m */; };
		35E3DE2116CC7D87001AE3A4 /* OptionsModel.m in Sources */ = {isa = PBXBuildFile; fileRef = 35E3DE0616CC7D87001AE3A4 /* OptionsModel.m */; };
		35E3DE2216CC7D87001AE3A4 /* VideoModel.m in Sources */ = {isa = PBXBuildFile; fileRef = 35E3DE0816CC7D87001AE3A4 /* VideoModel.m */; };
		35E3DE2316CC7D87001AE3A4 /* ClipControlTableViewCell.m in Sources */ = {isa = PBXBuildFile; fileRef = 35E3DE0B16CC7D87001AE3A4 /* ClipControlTableViewCell.m */; };
		35E3DE2416CC7D87001AE3A4 /* UITableViewCellEx.m in Sources */ = {isa = PBXBuildFile; fileRef = 35E3DE0D16CC7D87001AE3A4 /* UITableViewCellEx.m */; };
		35E3DE2516CC7D87001AE3A4 /* VideoListTableViewCell.m in Sources */ = {isa = PBXBuildFile; fileRef = 35E3DE0F16CC7D87001AE3A4 /* VideoListTableViewCell.m */; };
		35E3DE2E16CC7DB6001AE3A4 /* Accelerate.framework in Frameworks */ = {isa = PBXBuildFile; fileRef = 35E3DE2816CC7DB6001AE3A4 /* Accelerate.framework */; };
		35E3DE2F16CC7DB6001AE3A4 /* AVFoundation.framework in Frameworks */ = {isa = PBXBuildFile; fileRef = 35E3DE2916CC7DB6001AE3A4 /* AVFoundation.framework */; };
		35E3DE3016CC7DB6001AE3A4 /* CoreMedia.framework in Frameworks */ = {isa = PBXBuildFile; fileRef = 35E3DE2A16CC7DB6001AE3A4 /* CoreMedia.framework */; };
		35E3DE3116CC7DB6001AE3A4 /* MediaPlayer.framework in Frameworks */ = {isa = PBXBuildFile; fileRef = 35E3DE2B16CC7DB6001AE3A4 /* MediaPlayer.framework */; };
		35E3DE3216CC7DB6001AE3A4 /* QuartzCore.framework in Frameworks */ = {isa = PBXBuildFile; fileRef = 35E3DE2C16CC7DB6001AE3A4 /* QuartzCore.framework */; };
		35E3DE3316CC7DB6001AE3A4 /* SystemConfiguration.framework in Frameworks */ = {isa = PBXBuildFile; fileRef = 35E3DE2D16CC7DB6001AE3A4 /* SystemConfiguration.framework */; };
/* End PBXBuildFile section */

/* Begin PBXFileReference section */
		350D6DFD16CCBE4A003E91A2 /* CoreMotion.framework */ = {isa = PBXFileReference; lastKnownFileType = wrapper.framework; name = CoreMotion.framework; path = System/Library/Frameworks/CoreMotion.framework; sourceTree = SDKROOT; };
		350D6DFF16CDA3AF003E91A2 /* ButtonEffects.m */ = {isa = PBXFileReference; fileEncoding = 4; lastKnownFileType = sourcecode.c.objc; path = ButtonEffects.m; sourceTree = "<group>"; };
		350D6E0016CDA3AF003E91A2 /* ButtonEffects.h */ = {isa = PBXFileReference; fileEncoding = 4; lastKnownFileType = sourcecode.c.h; path = ButtonEffects.h; sourceTree = "<group>"; };
		350D6E0216CDBD75003E91A2 /* SVProgressHUD.h */ = {isa = PBXFileReference; fileEncoding = 4; lastKnownFileType = sourcecode.c.h; path = SVProgressHUD.h; sourceTree = "<group>"; };
		350D6E0316CDBD75003E91A2 /* SVProgressHUD.m */ = {isa = PBXFileReference; fileEncoding = 4; lastKnownFileType = sourcecode.c.objc; path = SVProgressHUD.m; sourceTree = "<group>"; };
		35BF261116D005640089F647 /* play.png */ = {isa = PBXFileReference; lastKnownFileType = image.png; path = play.png; sourceTree = "<group>"; };
		35BF261216D005640089F647 /* play@2x.png */ = {isa = PBXFileReference; lastKnownFileType = image.png; path = "play@2x.png"; sourceTree = "<group>"; };
		35BF261516D007860089F647 /* SVProgressHUD_LICENSE */ = {isa = PBXFileReference; fileEncoding = 4; lastKnownFileType = text; path = SVProgressHUD_LICENSE; sourceTree = "<group>"; };
		35BF261716D00C320089F647 /* ImageHelpers.m */ = {isa = PBXFileReference; fileEncoding = 4; lastKnownFileType = sourcecode.c.objc; path = ImageHelpers.m; sourceTree = "<group>"; };
		35BF261816D00C320089F647 /* ImageHelpers.h */ = {isa = PBXFileReference; fileEncoding = 4; lastKnownFileType = sourcecode.c.h; path = ImageHelpers.h; sourceTree = "<group>"; };
		35BF261A16D0131E0089F647 /* MessageUI.framework */ = {isa = PBXFileReference; lastKnownFileType = wrapper.framework; name = MessageUI.framework; path = System/Library/Frameworks/MessageUI.framework; sourceTree = SDKROOT; };
		35BF261E16D14CF70089F647 /* icon.png */ = {isa = PBXFileReference; lastKnownFileType = image.png; path = icon.png; sourceTree = "<group>"; };
		35BF262016D14CF70089F647 /* icon@2x.png */ = {isa = PBXFileReference; lastKnownFileType = image.png; path = "icon@2x.png"; sourceTree = "<group>"; };
		35BF262716D153DA0089F647 /* Accounts.framework */ = {isa = PBXFileReference; lastKnownFileType = wrapper.framework; name = Accounts.framework; path = System/Library/Frameworks/Accounts.framework; sourceTree = SDKROOT; };
		35BF262816D153DA0089F647 /* AdSupport.framework */ = {isa = PBXFileReference; lastKnownFileType = wrapper.framework; name = AdSupport.framework; path = System/Library/Frameworks/AdSupport.framework; sourceTree = SDKROOT; };
		35BF262916D153DA0089F647 /* Social.framework */ = {isa = PBXFileReference; lastKnownFileType = wrapper.framework; name = Social.framework; path = System/Library/Frameworks/Social.framework; sourceTree = SDKROOT; };
		35BF263016D1BBA20089F647 /* Facebook.h */ = {isa = PBXFileReference; fileEncoding = 4; lastKnownFileType = sourcecode.c.h; path = Facebook.h; sourceTree = "<group>"; };
		35BF263116D1BBA20089F647 /* Facebook.m */ = {isa = PBXFileReference; fileEncoding = 4; lastKnownFileType = sourcecode.c.objc; path = Facebook.m; sourceTree = "<group>"; };
		35BF263216D1BBA20089F647 /* FacebookSDK.h */ = {isa = PBXFileReference; fileEncoding = 4; lastKnownFileType = sourcecode.c.h; path = FacebookSDK.h; sourceTree = "<group>"; };
		35BF263316D1BBA20089F647 /* FacebookSDKResources.bundle */ = {isa = PBXFileReference; lastKnownFileType = "wrapper.plug-in"; path = FacebookSDKResources.bundle; sourceTree = "<group>"; };
		35BF263416D1BBA20089F647 /* FBCacheDescriptor.h */ = {isa = PBXFileReference; fileEncoding = 4; lastKnownFileType = sourcecode.c.h; path = FBCacheDescriptor.h; sourceTree = "<group>"; };
		35BF263516D1BBA20089F647 /* FBCacheDescriptor.m */ = {isa = PBXFileReference; fileEncoding = 4; lastKnownFileType = sourcecode.c.objc; path = FBCacheDescriptor.m; sourceTree = "<group>"; };
		35BF263616D1BBA20089F647 /* FBCacheIndex.h */ = {isa = PBXFileReference; fileEncoding = 4; lastKnownFileType = sourcecode.c.h; path = FBCacheIndex.h; sourceTree = "<group>"; };
		35BF263716D1BBA20089F647 /* FBCacheIndex.m */ = {isa = PBXFileReference; fileEncoding = 4; lastKnownFileType = sourcecode.c.objc; path = FBCacheIndex.m; sourceTree = "<group>"; };
		35BF263816D1BBA20089F647 /* FBConnect.h */ = {isa = PBXFileReference; fileEncoding = 4; lastKnownFileType = sourcecode.c.h; path = FBConnect.h; sourceTree = "<group>"; };
		35BF263916D1BBA20089F647 /* FBContentLink.h */ = {isa = PBXFileReference; fileEncoding = 4; lastKnownFileType = sourcecode.c.h; path = FBContentLink.h; sourceTree = "<group>"; };
		35BF263A16D1BBA20089F647 /* FBContentLink.m */ = {isa = PBXFileReference; fileEncoding = 4; lastKnownFileType = sourcecode.c.objc; path = FBContentLink.m; sourceTree = "<group>"; };
		35BF263B16D1BBA20089F647 /* FBDataDiskCache.h */ = {isa = PBXFileReference; fileEncoding = 4; lastKnownFileType = sourcecode.c.h; path = FBDataDiskCache.h; sourceTree = "<group>"; };
		35BF263C16D1BBA20089F647 /* FBDataDiskCache.m */ = {isa = PBXFileReference; fileEncoding = 4; lastKnownFileType = sourcecode.c.objc; path = FBDataDiskCache.m; sourceTree = "<group>"; };
		35BF263D16D1BBA20089F647 /* FBDialog.h */ = {isa = PBXFileReference; fileEncoding = 4; lastKnownFileType = sourcecode.c.h; path = FBDialog.h; sourceTree = "<group>"; };
		35BF263E16D1BBA20089F647 /* FBDialog.m */ = {isa = PBXFileReference; fileEncoding = 4; lastKnownFileType = sourcecode.c.objc; path = FBDialog.m; sourceTree = "<group>"; };
		35BF263F16D1BBA20089F647 /* FBError.h */ = {isa = PBXFileReference; fileEncoding = 4; lastKnownFileType = sourcecode.c.h; path = FBError.h; sourceTree = "<group>"; };
		35BF264016D1BBA20089F647 /* FBError.m */ = {isa = PBXFileReference; fileEncoding = 4; lastKnownFileType = sourcecode.c.objc; path = FBError.m; sourceTree = "<group>"; };
		35BF264116D1BBA20089F647 /* FBFrictionlessRequestSettings.h */ = {isa = PBXFileReference; fileEncoding = 4; lastKnownFileType = sourcecode.c.h; path = FBFrictionlessRequestSettings.h; sourceTree = "<group>"; };
		35BF264216D1BBA20089F647 /* FBFrictionlessRequestSettings.m */ = {isa = PBXFileReference; fileEncoding = 4; lastKnownFileType = sourcecode.c.objc; path = FBFrictionlessRequestSettings.m; sourceTree = "<group>"; };
		35BF264316D1BBA20089F647 /* FBFriendPickerCacheDescriptor.h */ = {isa = PBXFileReference; fileEncoding = 4; lastKnownFileType = sourcecode.c.h; path = FBFriendPickerCacheDescriptor.h; sourceTree = "<group>"; };
		35BF264416D1BBA20089F647 /* FBFriendPickerCacheDescriptor.m */ = {isa = PBXFileReference; fileEncoding = 4; lastKnownFileType = sourcecode.c.objc; path = FBFriendPickerCacheDescriptor.m; sourceTree = "<group>"; };
		35BF264516D1BBA20089F647 /* FBFriendPickerViewController+Internal.h */ = {isa = PBXFileReference; fileEncoding = 4; lastKnownFileType = sourcecode.c.h; path = "FBFriendPickerViewController+Internal.h"; sourceTree = "<group>"; };
		35BF264616D1BBA20089F647 /* FBFriendPickerViewController.h */ = {isa = PBXFileReference; fileEncoding = 4; lastKnownFileType = sourcecode.c.h; path = FBFriendPickerViewController.h; sourceTree = "<group>"; };
		35BF264716D1BBA20089F647 /* FBFriendPickerViewController.m */ = {isa = PBXFileReference; fileEncoding = 4; lastKnownFileType = sourcecode.c.objc; path = FBFriendPickerViewController.m; sourceTree = "<group>"; };
		35BF264816D1BBA20089F647 /* FBGraphLocation.h */ = {isa = PBXFileReference; fileEncoding = 4; lastKnownFileType = sourcecode.c.h; path = FBGraphLocation.h; sourceTree = "<group>"; };
		35BF264916D1BBA20089F647 /* FBGraphObject.h */ = {isa = PBXFileReference; fileEncoding = 4; lastKnownFileType = sourcecode.c.h; path = FBGraphObject.h; sourceTree = "<group>"; };
		35BF264A16D1BBA20089F647 /* FBGraphObject.m */ = {isa = PBXFileReference; fileEncoding = 4; lastKnownFileType = sourcecode.c.objc; path = FBGraphObject.m; sourceTree = "<group>"; };
		35BF264B16D1BBA20089F647 /* FBGraphObjectPagingLoader.h */ = {isa = PBXFileReference; fileEncoding = 4; lastKnownFileType = sourcecode.c.h; path = FBGraphObjectPagingLoader.h; sourceTree = "<group>"; };
		35BF264C16D1BBA20089F647 /* FBGraphObjectPagingLoader.m */ = {isa = PBXFileReference; fileEncoding = 4; lastKnownFileType = sourcecode.c.objc; path = FBGraphObjectPagingLoader.m; sourceTree = "<group>"; };
		35BF264D16D1BBA20089F647 /* FBGraphObjectTableCell.h */ = {isa = PBXFileReference; fileEncoding = 4; lastKnownFileType = sourcecode.c.h; path = FBGraphObjectTableCell.h; sourceTree = "<group>"; };
		35BF264E16D1BBA20089F647 /* FBGraphObjectTableCell.m */ = {isa = PBXFileReference; fileEncoding = 4; lastKnownFileType = sourcecode.c.objc; path = FBGraphObjectTableCell.m; sourceTree = "<group>"; };
		35BF264F16D1BBA20089F647 /* FBGraphObjectTableDataSource.h */ = {isa = PBXFileReference; fileEncoding = 4; lastKnownFileType = sourcecode.c.h; path = FBGraphObjectTableDataSource.h; sourceTree = "<group>"; };
		35BF265016D1BBA20089F647 /* FBGraphObjectTableDataSource.m */ = {isa = PBXFileReference; fileEncoding = 4; lastKnownFileType = sourcecode.c.objc; path = FBGraphObjectTableDataSource.m; sourceTree = "<group>"; };
		35BF265116D1BBA20089F647 /* FBGraphObjectTableSelection.h */ = {isa = PBXFileReference; fileEncoding = 4; lastKnownFileType = sourcecode.c.h; path = FBGraphObjectTableSelection.h; sourceTree = "<group>"; };
		35BF265216D1BBA20089F647 /* FBGraphObjectTableSelection.m */ = {isa = PBXFileReference; fileEncoding = 4; lastKnownFileType = sourcecode.c.objc; path = FBGraphObjectTableSelection.m; sourceTree = "<group>"; };
		35BF265316D1BBA20089F647 /* FBGraphPlace.h */ = {isa = PBXFileReference; fileEncoding = 4; lastKnownFileType = sourcecode.c.h; path = FBGraphPlace.h; sourceTree = "<group>"; };
		35BF265416D1BBA20089F647 /* FBGraphUser.h */ = {isa = PBXFileReference; fileEncoding = 4; lastKnownFileType = sourcecode.c.h; path = FBGraphUser.h; sourceTree = "<group>"; };
		35BF265516D1BBA20089F647 /* FBLogger.h */ = {isa = PBXFileReference; fileEncoding = 4; lastKnownFileType = sourcecode.c.h; path = FBLogger.h; sourceTree = "<group>"; };
		35BF265616D1BBA20089F647 /* FBLogger.m */ = {isa = PBXFileReference; fileEncoding = 4; lastKnownFileType = sourcecode.c.objc; path = FBLogger.m; sourceTree = "<group>"; };
		35BF265716D1BBA20089F647 /* FBLoginDialog.h */ = {isa = PBXFileReference; fileEncoding = 4; lastKnownFileType = sourcecode.c.h; path = FBLoginDialog.h; sourceTree = "<group>"; };
		35BF265816D1BBA20089F647 /* FBLoginDialog.m */ = {isa = PBXFileReference; fileEncoding = 4; lastKnownFileType = sourcecode.c.objc; path = FBLoginDialog.m; sourceTree = "<group>"; };
		35BF265916D1BBA20089F647 /* FBLoginView.h */ = {isa = PBXFileReference; fileEncoding = 4; lastKnownFileType = sourcecode.c.h; path = FBLoginView.h; sourceTree = "<group>"; };
		35BF265A16D1BBA20089F647 /* FBLoginView.m */ = {isa = PBXFileReference; fileEncoding = 4; lastKnownFileType = sourcecode.c.objc; path = FBLoginView.m; sourceTree = "<group>"; };
		35BF265B16D1BBA20089F647 /* FBNativeDialogs.h */ = {isa = PBXFileReference; fileEncoding = 4; lastKnownFileType = sourcecode.c.h; path = FBNativeDialogs.h; sourceTree = "<group>"; };
		35BF265C16D1BBA20089F647 /* FBNativeDialogs.m */ = {isa = PBXFileReference; fileEncoding = 4; lastKnownFileType = sourcecode.c.objc; path = FBNativeDialogs.m; sourceTree = "<group>"; };
		35BF265D16D1BBA20089F647 /* FBOpenGraphAction.h */ = {isa = PBXFileReference; fileEncoding = 4; lastKnownFileType = sourcecode.c.h; path = FBOpenGraphAction.h; sourceTree = "<group>"; };
		35BF265E16D1BBA20089F647 /* FBPlacePickerCacheDescriptor.h */ = {isa = PBXFileReference; fileEncoding = 4; lastKnownFileType = sourcecode.c.h; path = FBPlacePickerCacheDescriptor.h; sourceTree = "<group>"; };
		35BF265F16D1BBA20089F647 /* FBPlacePickerCacheDescriptor.m */ = {isa = PBXFileReference; fileEncoding = 4; lastKnownFileType = sourcecode.c.objc; path = FBPlacePickerCacheDescriptor.m; sourceTree = "<group>"; };
		35BF266016D1BBA20089F647 /* FBPlacePickerViewController+Internal.h */ = {isa = PBXFileReference; fileEncoding = 4; lastKnownFileType = sourcecode.c.h; path = "FBPlacePickerViewController+Internal.h"; sourceTree = "<group>"; };
		35BF266116D1BBA20089F647 /* FBPlacePickerViewController.h */ = {isa = PBXFileReference; fileEncoding = 4; lastKnownFileType = sourcecode.c.h; path = FBPlacePickerViewController.h; sourceTree = "<group>"; };
		35BF266216D1BBA20089F647 /* FBPlacePickerViewController.m */ = {isa = PBXFileReference; fileEncoding = 4; lastKnownFileType = sourcecode.c.objc; path = FBPlacePickerViewController.m; sourceTree = "<group>"; };
		35BF266316D1BBA20089F647 /* FBProfilePictureView.h */ = {isa = PBXFileReference; fileEncoding = 4; lastKnownFileType = sourcecode.c.h; path = FBProfilePictureView.h; sourceTree = "<group>"; };
		35BF266416D1BBA20089F647 /* FBProfilePictureView.m */ = {isa = PBXFileReference; fileEncoding = 4; lastKnownFileType = sourcecode.c.objc; path = FBProfilePictureView.m; sourceTree = "<group>"; };
		35BF266516D1BBA20089F647 /* FBRequest.h */ = {isa = PBXFileReference; fileEncoding = 4; lastKnownFileType = sourcecode.c.h; path = FBRequest.h; sourceTree = "<group>"; };
		35BF266616D1BBA20089F647 /* FBRequest.m */ = {isa = PBXFileReference; fileEncoding = 4; lastKnownFileType = sourcecode.c.objc; path = FBRequest.m; sourceTree = "<group>"; };
		35BF266716D1BBA20089F647 /* FBRequestBody.h */ = {isa = PBXFileReference; fileEncoding = 4; lastKnownFileType = sourcecode.c.h; path = FBRequestBody.h; sourceTree = "<group>"; };
		35BF266816D1BBA20089F647 /* FBRequestBody.m */ = {isa = PBXFileReference; fileEncoding = 4; lastKnownFileType = sourcecode.c.objc; path = FBRequestBody.m; sourceTree = "<group>"; };
		35BF266916D1BBA20089F647 /* FBRequestConnection+Internal.h */ = {isa = PBXFileReference; fileEncoding = 4; lastKnownFileType = sourcecode.c.h; path = "FBRequestConnection+Internal.h"; sourceTree = "<group>"; };
		35BF266A16D1BBA20089F647 /* FBRequestConnection.h */ = {isa = PBXFileReference; fileEncoding = 4; lastKnownFileType = sourcecode.c.h; path = FBRequestConnection.h; sourceTree = "<group>"; };
		35BF266B16D1BBA20089F647 /* FBRequestConnection.m */ = {isa = PBXFileReference; fileEncoding = 4; lastKnownFileType = sourcecode.c.objc; path = FBRequestConnection.m; sourceTree = "<group>"; };
		35BF266C16D1BBA20089F647 /* FBSDKVersion.h */ = {isa = PBXFileReference; fileEncoding = 4; lastKnownFileType = sourcecode.c.h; path = FBSDKVersion.h; sourceTree = "<group>"; };
		35BF266D16D1BBA20089F647 /* FBSession+Internal.h */ = {isa = PBXFileReference; fileEncoding = 4; lastKnownFileType = sourcecode.c.h; path = "FBSession+Internal.h"; sourceTree = "<group>"; };
		35BF266E16D1BBA20089F647 /* FBSession+Protected.h */ = {isa = PBXFileReference; fileEncoding = 4; lastKnownFileType = sourcecode.c.h; path = "FBSession+Protected.h"; sourceTree = "<group>"; };
		35BF266F16D1BBA20089F647 /* FBSession.h */ = {isa = PBXFileReference; fileEncoding = 4; lastKnownFileType = sourcecode.c.h; path = FBSession.h; sourceTree = "<group>"; };
		35BF267016D1BBA20089F647 /* FBSession.m */ = {isa = PBXFileReference; fileEncoding = 4; lastKnownFileType = sourcecode.c.objc; path = FBSession.m; sourceTree = "<group>"; };
		35BF267116D1BBA20089F647 /* FBSessionManualTokenCachingStrategy.h */ = {isa = PBXFileReference; fileEncoding = 4; lastKnownFileType = sourcecode.c.h; path = FBSessionManualTokenCachingStrategy.h; sourceTree = "<group>"; };
		35BF267216D1BBA20089F647 /* FBSessionManualTokenCachingStrategy.m */ = {isa = PBXFileReference; fileEncoding = 4; lastKnownFileType = sourcecode.c.objc; path = FBSessionManualTokenCachingStrategy.m; sourceTree = "<group>"; };
		35BF267316D1BBA20089F647 /* FBSessionTokenCachingStrategy.h */ = {isa = PBXFileReference; fileEncoding = 4; lastKnownFileType = sourcecode.c.h; path = FBSessionTokenCachingStrategy.h; sourceTree = "<group>"; };
		35BF267416D1BBA20089F647 /* FBSessionTokenCachingStrategy.m */ = {isa = PBXFileReference; fileEncoding = 4; lastKnownFileType = sourcecode.c.objc; path = FBSessionTokenCachingStrategy.m; sourceTree = "<group>"; };
		35BF267516D1BBA20089F647 /* FBSettings+Internal.h */ = {isa = PBXFileReference; fileEncoding = 4; lastKnownFileType = sourcecode.c.h; path = "FBSettings+Internal.h"; sourceTree = "<group>"; };
		35BF267616D1BBA20089F647 /* FBSettings.h */ = {isa = PBXFileReference; fileEncoding = 4; lastKnownFileType = sourcecode.c.h; path = FBSettings.h; sourceTree = "<group>"; };
		35BF267716D1BBA20089F647 /* FBSettings.m */ = {isa = PBXFileReference; fileEncoding = 4; lastKnownFileType = sourcecode.c.objc; path = FBSettings.m; sourceTree = "<group>"; };
		35BF267816D1BBA20089F647 /* FBTestSession+Internal.h */ = {isa = PBXFileReference; fileEncoding = 4; lastKnownFileType = sourcecode.c.h; path = "FBTestSession+Internal.h"; sourceTree = "<group>"; };
		35BF267916D1BBA20089F647 /* FBTestSession.h */ = {isa = PBXFileReference; fileEncoding = 4; lastKnownFileType = sourcecode.c.h; path = FBTestSession.h; sourceTree = "<group>"; };
		35BF267A16D1BBA20089F647 /* FBTestSession.m */ = {isa = PBXFileReference; fileEncoding = 4; lastKnownFileType = sourcecode.c.objc; path = FBTestSession.m; sourceTree = "<group>"; };
		35BF267B16D1BBA20089F647 /* FBURLConnection.h */ = {isa = PBXFileReference; fileEncoding = 4; lastKnownFileType = sourcecode.c.h; path = FBURLConnection.h; sourceTree = "<group>"; };
		35BF267C16D1BBA20089F647 /* FBURLConnection.m */ = {isa = PBXFileReference; fileEncoding = 4; lastKnownFileType = sourcecode.c.objc; path = FBURLConnection.m; sourceTree = "<group>"; };
		35BF267D16D1BBA20089F647 /* FBUserSettingsViewController.h */ = {isa = PBXFileReference; fileEncoding = 4; lastKnownFileType = sourcecode.c.h; path = FBUserSettingsViewController.h; sourceTree = "<group>"; };
		35BF267E16D1BBA20089F647 /* FBUserSettingsViewController.m */ = {isa = PBXFileReference; fileEncoding = 4; lastKnownFileType = sourcecode.c.objc; path = FBUserSettingsViewController.m; sourceTree = "<group>"; };
		35BF267F16D1BBA20089F647 /* FBUserSettingsViewResources.bundle */ = {isa = PBXFileReference; lastKnownFileType = "wrapper.plug-in"; path = FBUserSettingsViewResources.bundle; sourceTree = "<group>"; };
		35BF268016D1BBA20089F647 /* FBUtility.h */ = {isa = PBXFileReference; fileEncoding = 4; lastKnownFileType = sourcecode.c.h; path = FBUtility.h; sourceTree = "<group>"; };
		35BF268116D1BBA20089F647 /* FBUtility.m */ = {isa = PBXFileReference; fileEncoding = 4; lastKnownFileType = sourcecode.c.objc; path = FBUtility.m; sourceTree = "<group>"; };
		35BF268216D1BBA20089F647 /* FBViewController+Internal.h */ = {isa = PBXFileReference; fileEncoding = 4; lastKnownFileType = sourcecode.c.h; path = "FBViewController+Internal.h"; sourceTree = "<group>"; };
		35BF268316D1BBA20089F647 /* FBViewController.h */ = {isa = PBXFileReference; fileEncoding = 4; lastKnownFileType = sourcecode.c.h; path = FBViewController.h; sourceTree = "<group>"; };
		35BF268416D1BBA20089F647 /* FBViewController.m */ = {isa = PBXFileReference; fileEncoding = 4; lastKnownFileType = sourcecode.c.objc; path = FBViewController.m; sourceTree = "<group>"; };
		35BF268616D1BBA20089F647 /* FBSBJSON.h */ = {isa = PBXFileReference; fileEncoding = 4; lastKnownFileType = sourcecode.c.h; path = FBSBJSON.h; sourceTree = "<group>"; };
		35BF268716D1BBA20089F647 /* FBSBJSON.m */ = {isa = PBXFileReference; fileEncoding = 4; lastKnownFileType = sourcecode.c.objc; path = FBSBJSON.m; sourceTree = "<group>"; };
		35BF268816D1BBA20089F647 /* FBSBJsonBase.h */ = {isa = PBXFileReference; fileEncoding = 4; lastKnownFileType = sourcecode.c.h; path = FBSBJsonBase.h; sourceTree = "<group>"; };
		35BF268916D1BBA20089F647 /* FBSBJsonBase.m */ = {isa = PBXFileReference; fileEncoding = 4; lastKnownFileType = sourcecode.c.objc; path = FBSBJsonBase.m; sourceTree = "<group>"; };
		35BF268A16D1BBA20089F647 /* FBSBJsonParser.h */ = {isa = PBXFileReference; fileEncoding = 4; lastKnownFileType = sourcecode.c.h; path = FBSBJsonParser.h; sourceTree = "<group>"; };
		35BF268B16D1BBA20089F647 /* FBSBJsonParser.m */ = {isa = PBXFileReference; fileEncoding = 4; lastKnownFileType = sourcecode.c.objc; path = FBSBJsonParser.m; sourceTree = "<group>"; };
		35BF268C16D1BBA20089F647 /* FBSBJsonWriter.h */ = {isa = PBXFileReference; fileEncoding = 4; lastKnownFileType = sourcecode.c.h; path = FBSBJsonWriter.h; sourceTree = "<group>"; };
		35BF268D16D1BBA20089F647 /* FBSBJsonWriter.m */ = {isa = PBXFileReference; fileEncoding = 4; lastKnownFileType = sourcecode.c.objc; path = FBSBJsonWriter.m; sourceTree = "<group>"; };
		35E3DDC716CC7C9A001AE3A4 /* HarlemShake.app */ = {isa = PBXFileReference; explicitFileType = wrapper.application; includeInIndex = 0; path = HarlemShake.app; sourceTree = BUILT_PRODUCTS_DIR; };
		35E3DDCA16CC7C9A001AE3A4 /* UIKit.framework */ = {isa = PBXFileReference; lastKnownFileType = wrapper.framework; name = UIKit.framework; path = System/Library/Frameworks/UIKit.framework; sourceTree = SDKROOT; };
		35E3DDCC16CC7C9A001AE3A4 /* Foundation.framework */ = {isa = PBXFileReference; lastKnownFileType = wrapper.framework; name = Foundation.framework; path = System/Library/Frameworks/Foundation.framework; sourceTree = SDKROOT; };
		35E3DDCE16CC7C9A001AE3A4 /* CoreGraphics.framework */ = {isa = PBXFileReference; lastKnownFileType = wrapper.framework; name = CoreGraphics.framework; path = System/Library/Frameworks/CoreGraphics.framework; sourceTree = SDKROOT; };
		35E3DDD216CC7C9A001AE3A4 /* HarlemShake-Info.plist */ = {isa = PBXFileReference; lastKnownFileType = text.plist.xml; path = "HarlemShake-Info.plist"; sourceTree = "<group>"; };
		35E3DDD416CC7C9A001AE3A4 /* en */ = {isa = PBXFileReference; lastKnownFileType = text.plist.strings; name = en; path = en.lproj/InfoPlist.strings; sourceTree = "<group>"; };
		35E3DDD616CC7C9A001AE3A4 /* main.m */ = {isa = PBXFileReference; lastKnownFileType = sourcecode.c.objc; path = main.m; sourceTree = "<group>"; };
		35E3DDD816CC7C9A001AE3A4 /* HarlemShake-Prefix.pch */ = {isa = PBXFileReference; lastKnownFileType = sourcecode.c.h; path = "HarlemShake-Prefix.pch"; sourceTree = "<group>"; };
		35E3DDD916CC7C9A001AE3A4 /* AppDelegate.h */ = {isa = PBXFileReference; lastKnownFileType = sourcecode.c.h; path = AppDelegate.h; sourceTree = "<group>"; };
		35E3DDDA16CC7C9A001AE3A4 /* AppDelegate.m */ = {isa = PBXFileReference; lastKnownFileType = sourcecode.c.objc; path = AppDelegate.m; sourceTree = "<group>"; };
		35E3DDDC16CC7C9A001AE3A4 /* Default.png */ = {isa = PBXFileReference; lastKnownFileType = image.png; path = Default.png; sourceTree = "<group>"; };
		35E3DDDE16CC7C9A001AE3A4 /* Default@2x.png */ = {isa = PBXFileReference; lastKnownFileType = image.png; path = "Default@2x.png"; sourceTree = "<group>"; };
		35E3DDE016CC7C9A001AE3A4 /* Default-568h@2x.png */ = {isa = PBXFileReference; lastKnownFileType = image.png; path = "Default-568h@2x.png"; sourceTree = "<group>"; };
		35E3DDE916CC7D87001AE3A4 /* noclip.png */ = {isa = PBXFileReference; lastKnownFileType = image.png; path = noclip.png; sourceTree = "<group>"; };
		35E3DDEA16CC7D87001AE3A4 /* noclip@2x.png */ = {isa = PBXFileReference; lastKnownFileType = image.png; path = "noclip@2x.png"; sourceTree = "<group>"; };
		35E3DDEB16CC7D87001AE3A4 /* record.png */ = {isa = PBXFileReference; lastKnownFileType = image.png; path = record.png; sourceTree = "<group>"; };
		35E3DDEC16CC7D87001AE3A4 /* record@2x.png */ = {isa = PBXFileReference; lastKnownFileType = image.png; path = "record@2x.png"; sourceTree = "<group>"; };
		35E3DDEF16CC7D87001AE3A4 /* ClipRecorderViewController.h */ = {isa = PBXFileReference; fileEncoding = 4; lastKnownFileType = sourcecode.c.h; path = ClipRecorderViewController.h; sourceTree = "<group>"; };
		35E3DDF016CC7D87001AE3A4 /* ClipRecorderViewController.m */ = {isa = PBXFileReference; fileEncoding = 4; lastKnownFileType = sourcecode.c.objc; path = ClipRecorderViewController.m; sourceTree = "<group>"; };
		35E3DDF116CC7D87001AE3A4 /* RecordingOptionsViewController.h */ = {isa = PBXFileReference; fileEncoding = 4; lastKnownFileType = sourcecode.c.h; path = RecordingOptionsViewController.h; sourceTree = "<group>"; };
		35E3DDF216CC7D87001AE3A4 /* RecordingOptionsViewController.m */ = {isa = PBXFileReference; fileEncoding = 4; lastKnownFileType = sourcecode.c.objc; path = RecordingOptionsViewController.m; sourceTree = "<group>"; };
		35E3DDF316CC7D87001AE3A4 /* TestCameraViewController.h */ = {isa = PBXFileReference; fileEncoding = 4; lastKnownFileType = sourcecode.c.h; path = TestCameraViewController.h; sourceTree = "<group>"; };
		35E3DDF416CC7D87001AE3A4 /* TestCameraViewController.m */ = {isa = PBXFileReference; fileEncoding = 4; lastKnownFileType = sourcecode.c.objc; path = TestCameraViewController.m; sourceTree = "<group>"; };
		35E3DDF516CC7D87001AE3A4 /* TextEditViewController.h */ = {isa = PBXFileReference; fileEncoding = 4; lastKnownFileType = sourcecode.c.h; path = TextEditViewController.h; sourceTree = "<group>"; };
		35E3DDF616CC7D87001AE3A4 /* TextEditViewController.m */ = {isa = PBXFileReference; fileEncoding = 4; lastKnownFileType = sourcecode.c.objc; path = TextEditViewController.m; sourceTree = "<group>"; };
		35E3DDF716CC7D87001AE3A4 /* VideoInfoViewController.h */ = {isa = PBXFileReference; fileEncoding = 4; lastKnownFileType = sourcecode.c.h; path = VideoInfoViewController.h; sourceTree = "<group>"; };
		35E3DDF816CC7D87001AE3A4 /* VideoInfoViewController.m */ = {isa = PBXFileReference; fileEncoding = 4; lastKnownFileType = sourcecode.c.objc; path = VideoInfoViewController.m; sourceTree = "<group>"; };
		35E3DDF916CC7D87001AE3A4 /* VideoListViewController.h */ = {isa = PBXFileReference; fileEncoding = 4; lastKnownFileType = sourcecode.c.h; path = VideoListViewController.h; sourceTree = "<group>"; };
		35E3DDFA16CC7D87001AE3A4 /* VideoListViewController.m */ = {isa = PBXFileReference; fileEncoding = 4; lastKnownFileType = sourcecode.c.objc; path = VideoListViewController.m; sourceTree = "<group>"; };
		35E3DDFC16CC7D87001AE3A4 /* EXDebug.h */ = {isa = PBXFileReference; fileEncoding = 4; lastKnownFileType = sourcecode.c.h; path = EXDebug.h; sourceTree = "<group>"; };
		35E3DDFD16CC7D87001AE3A4 /* EXDebug.m */ = {isa = PBXFileReference; fileEncoding = 4; lastKnownFileType = sourcecode.c.objc; path = EXDebug.m; sourceTree = "<group>"; };
		35E3DDFE16CC7D87001AE3A4 /* EXRemoteLog.h */ = {isa = PBXFileReference; fileEncoding = 4; lastKnownFileType = sourcecode.c.h; path = EXRemoteLog.h; sourceTree = "<group>"; };
		35E3DDFF16CC7D87001AE3A4 /* EXRemoteLog.m */ = {isa = PBXFileReference; fileEncoding = 4; lastKnownFileType = sourcecode.c.objc; path = EXRemoteLog.m; sourceTree = "<group>"; };
		35E3DE0016CC7D87001AE3A4 /* PersistentDictionary.h */ = {isa = PBXFileReference; fileEncoding = 4; lastKnownFileType = sourcecode.c.h; path = PersistentDictionary.h; sourceTree = "<group>"; };
		35E3DE0116CC7D87001AE3A4 /* PersistentDictionary.m */ = {isa = PBXFileReference; fileEncoding = 4; lastKnownFileType = sourcecode.c.objc; path = PersistentDictionary.m; sourceTree = "<group>"; };
		35E3DE0216CC7D87001AE3A4 /* SingletonHelper.h */ = {isa = PBXFileReference; fileEncoding = 4; lastKnownFileType = sourcecode.c.h; path = SingletonHelper.h; sourceTree = "<group>"; };
		35E3DE0316CC7D87001AE3A4 /* SingletonHelper.m */ = {isa = PBXFileReference; fileEncoding = 4; lastKnownFileType = sourcecode.c.objc; path = SingletonHelper.m; sourceTree = "<group>"; };
		35E3DE0516CC7D87001AE3A4 /* OptionsModel.h */ = {isa = PBXFileReference; fileEncoding = 4; lastKnownFileType = sourcecode.c.h; path = OptionsModel.h; sourceTree = "<group>"; };
		35E3DE0616CC7D87001AE3A4 /* OptionsModel.m */ = {isa = PBXFileReference; fileEncoding = 4; lastKnownFileType = sourcecode.c.objc; path = OptionsModel.m; sourceTree = "<group>"; };
		35E3DE0716CC7D87001AE3A4 /* VideoModel.h */ = {isa = PBXFileReference; fileEncoding = 4; lastKnownFileType = sourcecode.c.h; path = VideoModel.h; sourceTree = "<group>"; };
		35E3DE0816CC7D87001AE3A4 /* VideoModel.m */ = {isa = PBXFileReference; fileEncoding = 4; lastKnownFileType = sourcecode.c.objc; path = VideoModel.m; sourceTree = "<group>"; };
		35E3DE0A16CC7D87001AE3A4 /* ClipControlTableViewCell.h */ = {isa = PBXFileReference; fileEncoding = 4; lastKnownFileType = sourcecode.c.h; path = ClipControlTableViewCell.h; sourceTree = "<group>"; };
		35E3DE0B16CC7D87001AE3A4 /* ClipControlTableViewCell.m */ = {isa = PBXFileReference; fileEncoding = 4; lastKnownFileType = sourcecode.c.objc; path = ClipControlTableViewCell.m; sourceTree = "<group>"; };
		35E3DE0C16CC7D87001AE3A4 /* UITableViewCellEx.h */ = {isa = PBXFileReference; fileEncoding = 4; lastKnownFileType = sourcecode.c.h; path = UITableViewCellEx.h; sourceTree = "<group>"; };
		35E3DE0D16CC7D87001AE3A4 /* UITableViewCellEx.m */ = {isa = PBXFileReference; fileEncoding = 4; lastKnownFileType = sourcecode.c.objc; path = UITableViewCellEx.m; sourceTree = "<group>"; };
		35E3DE0E16CC7D87001AE3A4 /* VideoListTableViewCell.h */ = {isa = PBXFileReference; fileEncoding = 4; lastKnownFileType = sourcecode.c.h; path = VideoListTableViewCell.h; sourceTree = "<group>"; };
		35E3DE0F16CC7D87001AE3A4 /* VideoListTableViewCell.m */ = {isa = PBXFileReference; fileEncoding = 4; lastKnownFileType = sourcecode.c.objc; path = VideoListTableViewCell.m; sourceTree = "<group>"; };
		35E3DE1116CC7D87001AE3A4 /* part1.m4a */ = {isa = PBXFileReference; lastKnownFileType = file; path = part1.m4a; sourceTree = "<group>"; };
		35E3DE1216CC7D87001AE3A4 /* part2.m4a */ = {isa = PBXFileReference; lastKnownFileType = file; path = part2.m4a; sourceTree = "<group>"; };
		35E3DE2816CC7DB6001AE3A4 /* Accelerate.framework */ = {isa = PBXFileReference; lastKnownFileType = wrapper.framework; name = Accelerate.framework; path = System/Library/Frameworks/Accelerate.framework; sourceTree = SDKROOT; };
		35E3DE2916CC7DB6001AE3A4 /* AVFoundation.framework */ = {isa = PBXFileReference; lastKnownFileType = wrapper.framework; name = AVFoundation.framework; path = System/Library/Frameworks/AVFoundation.framework; sourceTree = SDKROOT; };
		35E3DE2A16CC7DB6001AE3A4 /* CoreMedia.framework */ = {isa = PBXFileReference; lastKnownFileType = wrapper.framework; name = CoreMedia.framework; path = System/Library/Frameworks/CoreMedia.framework; sourceTree = SDKROOT; };
		35E3DE2B16CC7DB6001AE3A4 /* MediaPlayer.framework */ = {isa = PBXFileReference; lastKnownFileType = wrapper.framework; name = MediaPlayer.framework; path = System/Library/Frameworks/MediaPlayer.framework; sourceTree = SDKROOT; };
		35E3DE2C16CC7DB6001AE3A4 /* QuartzCore.framework */ = {isa = PBXFileReference; lastKnownFileType = wrapper.framework; name = QuartzCore.framework; path = System/Library/Frameworks/QuartzCore.framework; sourceTree = SDKROOT; };
		35E3DE2D16CC7DB6001AE3A4 /* SystemConfiguration.framework */ = {isa = PBXFileReference; lastKnownFileType = wrapper.framework; name = SystemConfiguration.framework; path = System/Library/Frameworks/SystemConfiguration.framework; sourceTree = SDKROOT; };
/* End PBXFileReference section */

/* Begin PBXFrameworksBuildPhase section */
		35E3DDC416CC7C9A001AE3A4 /* Frameworks */ = {
			isa = PBXFrameworksBuildPhase;
			buildActionMask = 2147483647;
			files = (
				35BF262A16D153DA0089F647 /* Accounts.framework in Frameworks */,
				35BF262B16D153DA0089F647 /* AdSupport.framework in Frameworks */,
				35BF262C16D153DA0089F647 /* Social.framework in Frameworks */,
				35BF261B16D0131E0089F647 /* MessageUI.framework in Frameworks */,
				350D6DFE16CCBE4A003E91A2 /* CoreMotion.framework in Frameworks */,
				35E3DE2E16CC7DB6001AE3A4 /* Accelerate.framework in Frameworks */,
				35E3DE2F16CC7DB6001AE3A4 /* AVFoundation.framework in Frameworks */,
				35E3DE3016CC7DB6001AE3A4 /* CoreMedia.framework in Frameworks */,
				35E3DE3116CC7DB6001AE3A4 /* MediaPlayer.framework in Frameworks */,
				35E3DE3216CC7DB6001AE3A4 /* QuartzCore.framework in Frameworks */,
				35E3DE3316CC7DB6001AE3A4 /* SystemConfiguration.framework in Frameworks */,
				35E3DDCB16CC7C9A001AE3A4 /* UIKit.framework in Frameworks */,
				35E3DDCD16CC7C9A001AE3A4 /* Foundation.framework in Frameworks */,
				35E3DDCF16CC7C9A001AE3A4 /* CoreGraphics.framework in Frameworks */,
			);
			runOnlyForDeploymentPostprocessing = 0;
		};
/* End PBXFrameworksBuildPhase section */

/* Begin PBXGroup section */
		35BF261C16D14CF70089F647 /* System */ = {
			isa = PBXGroup;
			children = (
				35BF261E16D14CF70089F647 /* icon.png */,
				35BF262016D14CF70089F647 /* icon@2x.png */,
			);
			path = System;
			sourceTree = "<group>";
		};
		35BF262F16D1BBA10089F647 /* FacebookSDK */ = {
			isa = PBXGroup;
			children = (
				35BF263016D1BBA20089F647 /* Facebook.h */,
				35BF263116D1BBA20089F647 /* Facebook.m */,
				35BF263216D1BBA20089F647 /* FacebookSDK.h */,
				35BF263316D1BBA20089F647 /* FacebookSDKResources.bundle */,
				35BF263416D1BBA20089F647 /* FBCacheDescriptor.h */,
				35BF263516D1BBA20089F647 /* FBCacheDescriptor.m */,
				35BF263616D1BBA20089F647 /* FBCacheIndex.h */,
				35BF263716D1BBA20089F647 /* FBCacheIndex.m */,
				35BF263816D1BBA20089F647 /* FBConnect.h */,
				35BF263916D1BBA20089F647 /* FBContentLink.h */,
				35BF263A16D1BBA20089F647 /* FBContentLink.m */,
				35BF263B16D1BBA20089F647 /* FBDataDiskCache.h */,
				35BF263C16D1BBA20089F647 /* FBDataDiskCache.m */,
				35BF263D16D1BBA20089F647 /* FBDialog.h */,
				35BF263E16D1BBA20089F647 /* FBDialog.m */,
				35BF263F16D1BBA20089F647 /* FBError.h */,
				35BF264016D1BBA20089F647 /* FBError.m */,
				35BF264116D1BBA20089F647 /* FBFrictionlessRequestSettings.h */,
				35BF264216D1BBA20089F647 /* FBFrictionlessRequestSettings.m */,
				35BF264316D1BBA20089F647 /* FBFriendPickerCacheDescriptor.h */,
				35BF264416D1BBA20089F647 /* FBFriendPickerCacheDescriptor.m */,
				35BF264516D1BBA20089F647 /* FBFriendPickerViewController+Internal.h */,
				35BF264616D1BBA20089F647 /* FBFriendPickerViewController.h */,
				35BF264716D1BBA20089F647 /* FBFriendPickerViewController.m */,
				35BF264816D1BBA20089F647 /* FBGraphLocation.h */,
				35BF264916D1BBA20089F647 /* FBGraphObject.h */,
				35BF264A16D1BBA20089F647 /* FBGraphObject.m */,
				35BF264B16D1BBA20089F647 /* FBGraphObjectPagingLoader.h */,
				35BF264C16D1BBA20089F647 /* FBGraphObjectPagingLoader.m */,
				35BF264D16D1BBA20089F647 /* FBGraphObjectTableCell.h */,
				35BF264E16D1BBA20089F647 /* FBGraphObjectTableCell.m */,
				35BF264F16D1BBA20089F647 /* FBGraphObjectTableDataSource.h */,
				35BF265016D1BBA20089F647 /* FBGraphObjectTableDataSource.m */,
				35BF265116D1BBA20089F647 /* FBGraphObjectTableSelection.h */,
				35BF265216D1BBA20089F647 /* FBGraphObjectTableSelection.m */,
				35BF265316D1BBA20089F647 /* FBGraphPlace.h */,
				35BF265416D1BBA20089F647 /* FBGraphUser.h */,
				35BF265516D1BBA20089F647 /* FBLogger.h */,
				35BF265616D1BBA20089F647 /* FBLogger.m */,
				35BF265716D1BBA20089F647 /* FBLoginDialog.h */,
				35BF265816D1BBA20089F647 /* FBLoginDialog.m */,
				35BF265916D1BBA20089F647 /* FBLoginView.h */,
				35BF265A16D1BBA20089F647 /* FBLoginView.m */,
				35BF265B16D1BBA20089F647 /* FBNativeDialogs.h */,
				35BF265C16D1BBA20089F647 /* FBNativeDialogs.m */,
				35BF265D16D1BBA20089F647 /* FBOpenGraphAction.h */,
				35BF265E16D1BBA20089F647 /* FBPlacePickerCacheDescriptor.h */,
				35BF265F16D1BBA20089F647 /* FBPlacePickerCacheDescriptor.m */,
				35BF266016D1BBA20089F647 /* FBPlacePickerViewController+Internal.h */,
				35BF266116D1BBA20089F647 /* FBPlacePickerViewController.h */,
				35BF266216D1BBA20089F647 /* FBPlacePickerViewController.m */,
				35BF266316D1BBA20089F647 /* FBProfilePictureView.h */,
				35BF266416D1BBA20089F647 /* FBProfilePictureView.m */,
				35BF266516D1BBA20089F647 /* FBRequest.h */,
				35BF266616D1BBA20089F647 /* FBRequest.m */,
				35BF266716D1BBA20089F647 /* FBRequestBody.h */,
				35BF266816D1BBA20089F647 /* FBRequestBody.m */,
				35BF266916D1BBA20089F647 /* FBRequestConnection+Internal.h */,
				35BF266A16D1BBA20089F647 /* FBRequestConnection.h */,
				35BF266B16D1BBA20089F647 /* FBRequestConnection.m */,
				35BF266C16D1BBA20089F647 /* FBSDKVersion.h */,
				35BF266D16D1BBA20089F647 /* FBSession+Internal.h */,
				35BF266E16D1BBA20089F647 /* FBSession+Protected.h */,
				35BF266F16D1BBA20089F647 /* FBSession.h */,
				35BF267016D1BBA20089F647 /* FBSession.m */,
				35BF267116D1BBA20089F647 /* FBSessionManualTokenCachingStrategy.h */,
				35BF267216D1BBA20089F647 /* FBSessionManualTokenCachingStrategy.m */,
				35BF267316D1BBA20089F647 /* FBSessionTokenCachingStrategy.h */,
				35BF267416D1BBA20089F647 /* FBSessionTokenCachingStrategy.m */,
				35BF267516D1BBA20089F647 /* FBSettings+Internal.h */,
				35BF267616D1BBA20089F647 /* FBSettings.h */,
				35BF267716D1BBA20089F647 /* FBSettings.m */,
				35BF267816D1BBA20089F647 /* FBTestSession+Internal.h */,
				35BF267916D1BBA20089F647 /* FBTestSession.h */,
				35BF267A16D1BBA20089F647 /* FBTestSession.m */,
				35BF267B16D1BBA20089F647 /* FBURLConnection.h */,
				35BF267C16D1BBA20089F647 /* FBURLConnection.m */,
				35BF267D16D1BBA20089F647 /* FBUserSettingsViewController.h */,
				35BF267E16D1BBA20089F647 /* FBUserSettingsViewController.m */,
				35BF267F16D1BBA20089F647 /* FBUserSettingsViewResources.bundle */,
				35BF268016D1BBA20089F647 /* FBUtility.h */,
				35BF268116D1BBA20089F647 /* FBUtility.m */,
				35BF268216D1BBA20089F647 /* FBViewController+Internal.h */,
				35BF268316D1BBA20089F647 /* FBViewController.h */,
				35BF268416D1BBA20089F647 /* FBViewController.m */,
				35BF268516D1BBA20089F647 /* JSON */,
			);
			path = FacebookSDK;
			sourceTree = "<group>";
		};
		35BF268516D1BBA20089F647 /* JSON */ = {
			isa = PBXGroup;
			children = (
				35BF268616D1BBA20089F647 /* FBSBJSON.h */,
				35BF268716D1BBA20089F647 /* FBSBJSON.m */,
				35BF268816D1BBA20089F647 /* FBSBJsonBase.h */,
				35BF268916D1BBA20089F647 /* FBSBJsonBase.m */,
				35BF268A16D1BBA20089F647 /* FBSBJsonParser.h */,
				35BF268B16D1BBA20089F647 /* FBSBJsonParser.m */,
				35BF268C16D1BBA20089F647 /* FBSBJsonWriter.h */,
				35BF268D16D1BBA20089F647 /* FBSBJsonWriter.m */,
			);
			path = JSON;
			sourceTree = "<group>";
		};
		35E3DDBE16CC7C9A001AE3A4 = {
			isa = PBXGroup;
			children = (
				35E3DDD016CC7C9A001AE3A4 /* HarlemShake */,
				35E3DDC916CC7C9A001AE3A4 /* Frameworks */,
				35E3DDC816CC7C9A001AE3A4 /* Products */,
			);
			sourceTree = "<group>";
		};
		35E3DDC816CC7C9A001AE3A4 /* Products */ = {
			isa = PBXGroup;
			children = (
				35E3DDC716CC7C9A001AE3A4 /* HarlemShake.app */,
			);
			name = Products;
			sourceTree = "<group>";
		};
		35E3DDC916CC7C9A001AE3A4 /* Frameworks */ = {
			isa = PBXGroup;
			children = (
				35BF262716D153DA0089F647 /* Accounts.framework */,
				35BF262816D153DA0089F647 /* AdSupport.framework */,
				35BF262916D153DA0089F647 /* Social.framework */,
				35BF261A16D0131E0089F647 /* MessageUI.framework */,
				350D6DFD16CCBE4A003E91A2 /* CoreMotion.framework */,
				35E3DE2816CC7DB6001AE3A4 /* Accelerate.framework */,
				35E3DE2916CC7DB6001AE3A4 /* AVFoundation.framework */,
				35E3DE2A16CC7DB6001AE3A4 /* CoreMedia.framework */,
				35E3DE2B16CC7DB6001AE3A4 /* MediaPlayer.framework */,
				35E3DE2C16CC7DB6001AE3A4 /* QuartzCore.framework */,
				35E3DE2D16CC7DB6001AE3A4 /* SystemConfiguration.framework */,
				35E3DDCA16CC7C9A001AE3A4 /* UIKit.framework */,
				35E3DDCC16CC7C9A001AE3A4 /* Foundation.framework */,
				35E3DDCE16CC7C9A001AE3A4 /* CoreGraphics.framework */,
			);
			name = Frameworks;
			sourceTree = "<group>";
		};
		35E3DDD016CC7C9A001AE3A4 /* HarlemShake */ = {
			isa = PBXGroup;
			children = (
				35BF262F16D1BBA10089F647 /* FacebookSDK */,
				35E3DDED16CC7D87001AE3A4 /* Classes */,
				35E3DDD916CC7C9A001AE3A4 /* AppDelegate.h */,
				35E3DDDA16CC7C9A001AE3A4 /* AppDelegate.m */,
				35E3DDD116CC7C9A001AE3A4 /* Supporting Files */,
			);
			path = HarlemShake;
			sourceTree = "<group>";
		};
		35E3DDD116CC7C9A001AE3A4 /* Supporting Files */ = {
			isa = PBXGroup;
			children = (
				35E3DDE716CC7D87001AE3A4 /* Images */,
				35E3DE1016CC7D87001AE3A4 /* Audio */,
				35E3DDD216CC7C9A001AE3A4 /* HarlemShake-Info.plist */,
				35E3DDD316CC7C9A001AE3A4 /* InfoPlist.strings */,
				35E3DDD616CC7C9A001AE3A4 /* main.m */,
				35E3DDD816CC7C9A001AE3A4 /* HarlemShake-Prefix.pch */,
				35E3DDDC16CC7C9A001AE3A4 /* Default.png */,
				35E3DDDE16CC7C9A001AE3A4 /* Default@2x.png */,
				35E3DDE016CC7C9A001AE3A4 /* Default-568h@2x.png */,
			);
			name = "Supporting Files";
			sourceTree = "<group>";
		};
		35E3DDE716CC7D87001AE3A4 /* Images */ = {
			isa = PBXGroup;
			children = (
				35BF261C16D14CF70089F647 /* System */,
				35E3DDE816CC7D87001AE3A4 /* UI */,
			);
			path = Images;
			sourceTree = "<group>";
		};
		35E3DDE816CC7D87001AE3A4 /* UI */ = {
			isa = PBXGroup;
			children = (
				35BF261116D005640089F647 /* play.png */,
				35BF261216D005640089F647 /* play@2x.png */,
				35E3DDE916CC7D87001AE3A4 /* noclip.png */,
				35E3DDEA16CC7D87001AE3A4 /* noclip@2x.png */,
				35E3DDEB16CC7D87001AE3A4 /* record.png */,
				35E3DDEC16CC7D87001AE3A4 /* record@2x.png */,
			);
			path = UI;
			sourceTree = "<group>";
		};
		35E3DDED16CC7D87001AE3A4 /* Classes */ = {
			isa = PBXGroup;
			children = (
				35E3DDEE16CC7D87001AE3A4 /* Controllers */,
				35E3DDFB16CC7D87001AE3A4 /* Helpers */,
				35E3DE0416CC7D87001AE3A4 /* Models */,
				35E3DE0916CC7D87001AE3A4 /* Views */,
			);
			path = Classes;
			sourceTree = "<group>";
		};
		35E3DDEE16CC7D87001AE3A4 /* Controllers */ = {
			isa = PBXGroup;
			children = (
				35E3DDEF16CC7D87001AE3A4 /* ClipRecorderViewController.h */,
				35E3DDF016CC7D87001AE3A4 /* ClipRecorderViewController.m */,
				35E3DDF116CC7D87001AE3A4 /* RecordingOptionsViewController.h */,
				35E3DDF216CC7D87001AE3A4 /* RecordingOptionsViewController.m */,
				35E3DDF316CC7D87001AE3A4 /* TestCameraViewController.h */,
				35E3DDF416CC7D87001AE3A4 /* TestCameraViewController.m */,
				35E3DDF516CC7D87001AE3A4 /* TextEditViewController.h */,
				35E3DDF616CC7D87001AE3A4 /* TextEditViewController.m */,
				35E3DDF716CC7D87001AE3A4 /* VideoInfoViewController.h */,
				35E3DDF816CC7D87001AE3A4 /* VideoInfoViewController.m */,
				35E3DDF916CC7D87001AE3A4 /* VideoListViewController.h */,
				35E3DDFA16CC7D87001AE3A4 /* VideoListViewController.m */,
			);
			path = Controllers;
			sourceTree = "<group>";
		};
		35E3DDFB16CC7D87001AE3A4 /* Helpers */ = {
			isa = PBXGroup;
			children = (
				35BF261816D00C320089F647 /* ImageHelpers.h */,
				35BF261716D00C320089F647 /* ImageHelpers.m */,
				350D6E0216CDBD75003E91A2 /* SVProgressHUD.h */,
				350D6E0316CDBD75003E91A2 /* SVProgressHUD.m */,
				35BF261516D007860089F647 /* SVProgressHUD_LICENSE */,
				350D6E0016CDA3AF003E91A2 /* ButtonEffects.h */,
				350D6DFF16CDA3AF003E91A2 /* ButtonEffects.m */,
				35E3DDFC16CC7D87001AE3A4 /* EXDebug.h */,
				35E3DDFD16CC7D87001AE3A4 /* EXDebug.m */,
				35E3DDFE16CC7D87001AE3A4 /* EXRemoteLog.h */,
				35E3DDFF16CC7D87001AE3A4 /* EXRemoteLog.m */,
				35E3DE0016CC7D87001AE3A4 /* PersistentDictionary.h */,
				35E3DE0116CC7D87001AE3A4 /* PersistentDictionary.m */,
				35E3DE0216CC7D87001AE3A4 /* SingletonHelper.h */,
				35E3DE0316CC7D87001AE3A4 /* SingletonHelper.m */,
			);
			path = Helpers;
			sourceTree = "<group>";
		};
		35E3DE0416CC7D87001AE3A4 /* Models */ = {
			isa = PBXGroup;
			children = (
				35E3DE0516CC7D87001AE3A4 /* OptionsModel.h */,
				35E3DE0616CC7D87001AE3A4 /* OptionsModel.m */,
				35E3DE0716CC7D87001AE3A4 /* VideoModel.h */,
				35E3DE0816CC7D87001AE3A4 /* VideoModel.m */,
			);
			path = Models;
			sourceTree = "<group>";
		};
		35E3DE0916CC7D87001AE3A4 /* Views */ = {
			isa = PBXGroup;
			children = (
				35E3DE0A16CC7D87001AE3A4 /* ClipControlTableViewCell.h */,
				35E3DE0B16CC7D87001AE3A4 /* ClipControlTableViewCell.m */,
				35E3DE0C16CC7D87001AE3A4 /* UITableViewCellEx.h */,
				35E3DE0D16CC7D87001AE3A4 /* UITableViewCellEx.m */,
				35E3DE0E16CC7D87001AE3A4 /* VideoListTableViewCell.h */,
				35E3DE0F16CC7D87001AE3A4 /* VideoListTableViewCell.m */,
			);
			path = Views;
			sourceTree = "<group>";
		};
		35E3DE1016CC7D87001AE3A4 /* Audio */ = {
			isa = PBXGroup;
			children = (
				35E3DE1116CC7D87001AE3A4 /* part1.m4a */,
				35E3DE1216CC7D87001AE3A4 /* part2.m4a */,
			);
			path = Audio;
			sourceTree = "<group>";
		};
/* End PBXGroup section */

/* Begin PBXNativeTarget section */
		35E3DDC616CC7C9A001AE3A4 /* HarlemShake */ = {
			isa = PBXNativeTarget;
			buildConfigurationList = 35E3DDE416CC7C9A001AE3A4 /* Build configuration list for PBXNativeTarget "HarlemShake" */;
			buildPhases = (
				35E3DDC316CC7C9A001AE3A4 /* Sources */,
				35E3DDC416CC7C9A001AE3A4 /* Frameworks */,
				35E3DDC516CC7C9A001AE3A4 /* Resources */,
			);
			buildRules = (
			);
			dependencies = (
			);
			name = HarlemShake;
			productName = HarlemShake;
			productReference = 35E3DDC716CC7C9A001AE3A4 /* HarlemShake.app */;
			productType = "com.apple.product-type.application";
		};
/* End PBXNativeTarget section */

/* Begin PBXProject section */
		35E3DDBF16CC7C9A001AE3A4 /* Project object */ = {
			isa = PBXProject;
			attributes = {
				LastUpgradeCheck = 0460;
				ORGANIZATIONNAME = "Jason Fieldman";
			};
			buildConfigurationList = 35E3DDC216CC7C9A001AE3A4 /* Build configuration list for PBXProject "HarlemShake" */;
			compatibilityVersion = "Xcode 3.2";
			developmentRegion = English;
			hasScannedForEncodings = 0;
			knownRegions = (
				en,
			);
			mainGroup = 35E3DDBE16CC7C9A001AE3A4;
			productRefGroup = 35E3DDC816CC7C9A001AE3A4 /* Products */;
			projectDirPath = "";
			projectRoot = "";
			targets = (
				35E3DDC616CC7C9A001AE3A4 /* HarlemShake */,
			);
		};
/* End PBXProject section */

/* Begin PBXResourcesBuildPhase section */
		35E3DDC516CC7C9A001AE3A4 /* Resources */ = {
			isa = PBXResourcesBuildPhase;
			buildActionMask = 2147483647;
			files = (
				35E3DDD516CC7C9A001AE3A4 /* InfoPlist.strings in Resources */,
				35E3DDDD16CC7C9A001AE3A4 /* Default.png in Resources */,
				35E3DDDF16CC7C9A001AE3A4 /* Default@2x.png in Resources */,
				35E3DDE116CC7C9A001AE3A4 /* Default-568h@2x.png in Resources */,
				35BF260B16CC8F920089F647 /* noclip.png in Resources */,
				35BF260C16CC8F920089F647 /* noclip@2x.png in Resources */,
				35BF260D16CC8F920089F647 /* record.png in Resources */,
				35BF260E16CC8F920089F647 /* record@2x.png in Resources */,
				35BF260F16CC8F920089F647 /* part1.m4a in Resources */,
				35BF261016CC8F920089F647 /* part2.m4a in Resources */,
				35BF261316D005640089F647 /* play.png in Resources */,
				35BF261416D005640089F647 /* play@2x.png in Resources */,
				35BF261616D007860089F647 /* SVProgressHUD_LICENSE in Resources */,
				35BF262216D14CF70089F647 /* icon.png in Resources */,
				35BF262416D14CF70089F647 /* icon@2x.png in Resources */,
				35BF268F16D1BBA20089F647 /* FacebookSDKResources.bundle in Resources */,
				35BF26AF16D1BBA20089F647 /* FBUserSettingsViewResources.bundle in Resources */,
			);
			runOnlyForDeploymentPostprocessing = 0;
		};
/* End PBXResourcesBuildPhase section */

/* Begin PBXSourcesBuildPhase section */
		35E3DDC316CC7C9A001AE3A4 /* Sources */ = {
			isa = PBXSourcesBuildPhase;
			buildActionMask = 2147483647;
			files = (
				35E3DDD716CC7C9A001AE3A4 /* main.m in Sources */,
				35E3DDDB16CC7C9A001AE3A4 /* AppDelegate.m in Sources */,
				35E3DE1716CC7D87001AE3A4 /* ClipRecorderViewController.m in Sources */,
				35E3DE1816CC7D87001AE3A4 /* RecordingOptionsViewController.m in Sources */,
				35E3DE1916CC7D87001AE3A4 /* TestCameraViewController.m in Sources */,
				35E3DE1A16CC7D87001AE3A4 /* TextEditViewController.m in Sources */,
				35E3DE1B16CC7D87001AE3A4 /* VideoInfoViewController.m in Sources */,
				35E3DE1C16CC7D87001AE3A4 /* VideoListViewController.m in Sources */,
				35E3DE1D16CC7D87001AE3A4 /* EXDebug.m in Sources */,
				35E3DE1E16CC7D87001AE3A4 /* EXRemoteLog.m in Sources */,
				35E3DE1F16CC7D87001AE3A4 /* PersistentDictionary.m in Sources */,
				35E3DE2016CC7D87001AE3A4 /* SingletonHelper.m in Sources */,
				35E3DE2116CC7D87001AE3A4 /* OptionsModel.m in Sources */,
				35E3DE2216CC7D87001AE3A4 /* VideoModel.m in Sources */,
				35E3DE2316CC7D87001AE3A4 /* ClipControlTableViewCell.m in Sources */,
				35E3DE2416CC7D87001AE3A4 /* UITableViewCellEx.m in Sources */,
				35E3DE2516CC7D87001AE3A4 /* VideoListTableViewCell.m in Sources */,
				350D6E0116CDA3AF003E91A2 /* ButtonEffects.m in Sources */,
				350D6E0416CDBD75003E91A2 /* SVProgressHUD.m in Sources */,
				35BF261916D00C320089F647 /* ImageHelpers.m in Sources */,
				35BF268E16D1BBA20089F647 /* Facebook.m in Sources */,
				35BF269016D1BBA20089F647 /* FBCacheDescriptor.m in Sources */,
				35BF269116D1BBA20089F647 /* FBCacheIndex.m in Sources */,
				35BF269216D1BBA20089F647 /* FBContentLink.m in Sources */,
				35BF269316D1BBA20089F647 /* FBDataDiskCache.m in Sources */,
				35BF269416D1BBA20089F647 /* FBDialog.m in Sources */,
				35BF269516D1BBA20089F647 /* FBError.m in Sources */,
				35BF269616D1BBA20089F647 /* FBFrictionlessRequestSettings.m in Sources */,
				35BF269716D1BBA20089F647 /* FBFriendPickerCacheDescriptor.m in Sources */,
				35BF269816D1BBA20089F647 /* FBFriendPickerViewController.m in Sources */,
				35BF269916D1BBA20089F647 /* FBGraphObject.m in Sources */,
				35BF269A16D1BBA20089F647 /* FBGraphObjectPagingLoader.m in Sources */,
				35BF269B16D1BBA20089F647 /* FBGraphObjectTableCell.m in Sources */,
				35BF269C16D1BBA20089F647 /* FBGraphObjectTableDataSource.m in Sources */,
				35BF269D16D1BBA20089F647 /* FBGraphObjectTableSelection.m in Sources */,
				35BF269E16D1BBA20089F647 /* FBLogger.m in Sources */,
				35BF269F16D1BBA20089F647 /* FBLoginDialog.m in Sources */,
				35BF26A016D1BBA20089F647 /* FBLoginView.m in Sources */,
				35BF26A116D1BBA20089F647 /* FBNativeDialogs.m in Sources */,
				35BF26A216D1BBA20089F647 /* FBPlacePickerCacheDescriptor.m in Sources */,
				35BF26A316D1BBA20089F647 /* FBPlacePickerViewController.m in Sources */,
				35BF26A416D1BBA20089F647 /* FBProfilePictureView.m in Sources */,
				35BF26A516D1BBA20089F647 /* FBRequest.m in Sources */,
				35BF26A616D1BBA20089F647 /* FBRequestBody.m in Sources */,
				35BF26A716D1BBA20089F647 /* FBRequestConnection.m in Sources */,
				35BF26A816D1BBA20089F647 /* FBSession.m in Sources */,
				35BF26A916D1BBA20089F647 /* FBSessionManualTokenCachingStrategy.m in Sources */,
				35BF26AA16D1BBA20089F647 /* FBSessionTokenCachingStrategy.m in Sources */,
				35BF26AB16D1BBA20089F647 /* FBSettings.m in Sources */,
				35BF26AC16D1BBA20089F647 /* FBTestSession.m in Sources */,
				35BF26AD16D1BBA20089F647 /* FBURLConnection.m in Sources */,
				35BF26AE16D1BBA20089F647 /* FBUserSettingsViewController.m in Sources */,
				35BF26B016D1BBA20089F647 /* FBUtility.m in Sources */,
				35BF26B116D1BBA20089F647 /* FBViewController.m in Sources */,
				35BF26B216D1BBA20089F647 /* FBSBJSON.m in Sources */,
				35BF26B316D1BBA20089F647 /* FBSBJsonBase.m in Sources */,
				35BF26B416D1BBA20089F647 /* FBSBJsonParser.m in Sources */,
				35BF26B516D1BBA20089F647 /* FBSBJsonWriter.m in Sources */,
			);
			runOnlyForDeploymentPostprocessing = 0;
		};
/* End PBXSourcesBuildPhase section */

/* Begin PBXVariantGroup section */
		35E3DDD316CC7C9A001AE3A4 /* InfoPlist.strings */ = {
			isa = PBXVariantGroup;
			children = (
				35E3DDD416CC7C9A001AE3A4 /* en */,
			);
			name = InfoPlist.strings;
			sourceTree = "<group>";
		};
/* End PBXVariantGroup section */

/* Begin XCBuildConfiguration section */
		356274F616CC8002008CDDC4 /* Ad Hoc */ = {
			isa = XCBuildConfiguration;
			buildSettings = {
				ALWAYS_SEARCH_USER_PATHS = NO;
				CLANG_CXX_LANGUAGE_STANDARD = "gnu++0x";
				CLANG_CXX_LIBRARY = "libc++";
				CLANG_ENABLE_OBJC_ARC = YES;
				CLANG_WARN_CONSTANT_CONVERSION = YES;
				CLANG_WARN_EMPTY_BODY = YES;
				CLANG_WARN_ENUM_CONVERSION = YES;
				CLANG_WARN_INT_CONVERSION = YES;
				CLANG_WARN__DUPLICATE_METHOD_MATCH = YES;
				CODE_SIGN_IDENTITY = "iPhone Distribution: Jason Fieldman";
				"CODE_SIGN_IDENTITY[sdk=iphoneos*]" = "iPhone Distribution: Jason Fieldman";
				COPY_PHASE_STRIP = YES;
				GCC_C_LANGUAGE_STANDARD = gnu99;
				GCC_WARN_ABOUT_RETURN_TYPE = YES;
				GCC_WARN_UNINITIALIZED_AUTOS = YES;
				GCC_WARN_UNUSED_VARIABLE = YES;
				IPHONEOS_DEPLOYMENT_TARGET = 6.0;
				OTHER_CFLAGS = "-DNS_BLOCK_ASSERTIONS=1";
				OTHER_LDFLAGS = "-lsqlite3.0";
				PROVISIONING_PROFILE = "B5C4C83B-7533-4924-9D5A-500BDF1914F3";
				"PROVISIONING_PROFILE[sdk=iphoneos*]" = "B5C4C83B-7533-4924-9D5A-500BDF1914F3";
				SDKROOT = iphoneos;
				VALIDATE_PRODUCT = YES;
			};
			name = "Ad Hoc";
		};
		356274F716CC8002008CDDC4 /* Ad Hoc */ = {
			isa = XCBuildConfiguration;
			buildSettings = {
				FRAMEWORK_SEARCH_PATHS = (
					"$(inherited)",
					"\"$(SRCROOT)/HarlemShake\"",
				);
				GCC_PRECOMPILE_PREFIX_HEADER = YES;
				GCC_PREFIX_HEADER = "HarlemShake/HarlemShake-Prefix.pch";
				INFOPLIST_FILE = "HarlemShake/HarlemShake-Info.plist";
				PRODUCT_NAME = "$(TARGET_NAME)";
				WRAPPER_EXTENSION = app;
			};
			name = "Ad Hoc";
		};
		356274F816CC800B008CDDC4 /* App Store */ = {
			isa = XCBuildConfiguration;
			buildSettings = {
				ALWAYS_SEARCH_USER_PATHS = NO;
				CLANG_CXX_LANGUAGE_STANDARD = "gnu++0x";
				CLANG_CXX_LIBRARY = "libc++";
				CLANG_ENABLE_OBJC_ARC = YES;
				CLANG_WARN_CONSTANT_CONVERSION = YES;
				CLANG_WARN_EMPTY_BODY = YES;
				CLANG_WARN_ENUM_CONVERSION = YES;
				CLANG_WARN_INT_CONVERSION = YES;
				CLANG_WARN__DUPLICATE_METHOD_MATCH = YES;
				"CODE_SIGN_IDENTITY[sdk=iphoneos*]" = "iPhone Developer";
				COPY_PHASE_STRIP = YES;
				GCC_C_LANGUAGE_STANDARD = gnu99;
				GCC_WARN_ABOUT_RETURN_TYPE = YES;
				GCC_WARN_UNINITIALIZED_AUTOS = YES;
				GCC_WARN_UNUSED_VARIABLE = YES;
				IPHONEOS_DEPLOYMENT_TARGET = 6.0;
				OTHER_CFLAGS = "-DNS_BLOCK_ASSERTIONS=1";
				OTHER_LDFLAGS = "-lsqlite3.0";
				SDKROOT = iphoneos;
				VALIDATE_PRODUCT = YES;
			};
			name = "App Store";
		};
		356274F916CC800B008CDDC4 /* App Store */ = {
			isa = XCBuildConfiguration;
			buildSettings = {
				FRAMEWORK_SEARCH_PATHS = (
					"$(inherited)",
					"\"$(SRCROOT)/HarlemShake\"",
				);
				GCC_PRECOMPILE_PREFIX_HEADER = YES;
				GCC_PREFIX_HEADER = "HarlemShake/HarlemShake-Prefix.pch";
				INFOPLIST_FILE = "HarlemShake/HarlemShake-Info.plist";
				PRODUCT_NAME = "$(TARGET_NAME)";
				WRAPPER_EXTENSION = app;
			};
			name = "App Store";
		};
		35E3DDE216CC7C9A001AE3A4 /* Debug */ = {
			isa = XCBuildConfiguration;
			buildSettings = {
				ALWAYS_SEARCH_USER_PATHS = NO;
				CLANG_CXX_LANGUAGE_STANDARD = "gnu++0x";
				CLANG_CXX_LIBRARY = "libc++";
				CLANG_ENABLE_OBJC_ARC = YES;
				CLANG_WARN_CONSTANT_CONVERSION = YES;
				CLANG_WARN_EMPTY_BODY = YES;
				CLANG_WARN_ENUM_CONVERSION = YES;
				CLANG_WARN_INT_CONVERSION = YES;
				CLANG_WARN__DUPLICATE_METHOD_MATCH = YES;
				"CODE_SIGN_IDENTITY[sdk=iphoneos*]" = "iPhone Developer";
				COPY_PHASE_STRIP = NO;
				GCC_C_LANGUAGE_STANDARD = gnu99;
				GCC_DYNAMIC_NO_PIC = NO;
				GCC_OPTIMIZATION_LEVEL = 0;
				GCC_PREPROCESSOR_DEFINITIONS = (
					"DEBUG=1",
					"$(inherited)",
				);
				GCC_SYMBOLS_PRIVATE_EXTERN = NO;
				GCC_WARN_ABOUT_RETURN_TYPE = YES;
				GCC_WARN_UNINITIALIZED_AUTOS = YES;
				GCC_WARN_UNUSED_VARIABLE = YES;
				IPHONEOS_DEPLOYMENT_TARGET = 6.0;
				ONLY_ACTIVE_ARCH = YES;
				OTHER_CFLAGS = "-DEXDEBUGENABLED";
				OTHER_LDFLAGS = "-lsqlite3.0";
				SDKROOT = iphoneos;
			};
			name = Debug;
		};
		35E3DDE316CC7C9A001AE3A4 /* Release */ = {
			isa = XCBuildConfiguration;
			buildSettings = {
				ALWAYS_SEARCH_USER_PATHS = NO;
				CLANG_CXX_LANGUAGE_STANDARD = "gnu++0x";
				CLANG_CXX_LIBRARY = "libc++";
				CLANG_ENABLE_OBJC_ARC = YES;
				CLANG_WARN_CONSTANT_CONVERSION = YES;
				CLANG_WARN_EMPTY_BODY = YES;
				CLANG_WARN_ENUM_CONVERSION = YES;
				CLANG_WARN_INT_CONVERSION = YES;
				CLANG_WARN__DUPLICATE_METHOD_MATCH = YES;
				"CODE_SIGN_IDENTITY[sdk=iphoneos*]" = "iPhone Developer";
				COPY_PHASE_STRIP = YES;
				GCC_C_LANGUAGE_STANDARD = gnu99;
				GCC_WARN_ABOUT_RETURN_TYPE = YES;
				GCC_WARN_UNINITIALIZED_AUTOS = YES;
				GCC_WARN_UNUSED_VARIABLE = YES;
				IPHONEOS_DEPLOYMENT_TARGET = 6.0;
				OTHER_CFLAGS = "-DNS_BLOCK_ASSERTIONS=1";
				OTHER_LDFLAGS = "-lsqlite3.0";
				SDKROOT = iphoneos;
				VALIDATE_PRODUCT = YES;
			};
			name = Release;
		};
		35E3DDE516CC7C9A001AE3A4 /* Debug */ = {
			isa = XCBuildConfiguration;
			buildSettings = {
				FRAMEWORK_SEARCH_PATHS = (
					"$(inherited)",
					"\"$(SRCROOT)/HarlemShake\"",
				);
				GCC_PRECOMPILE_PREFIX_HEADER = YES;
				GCC_PREFIX_HEADER = "HarlemShake/HarlemShake-Prefix.pch";
				INFOPLIST_FILE = "HarlemShake/HarlemShake-Info.plist";
				PRODUCT_NAME = "$(TARGET_NAME)";
				WRAPPER_EXTENSION = app;
			};
			name = Debug;
		};
		35E3DDE616CC7C9A001AE3A4 /* Release */ = {
			isa = XCBuildConfiguration;
			buildSettings = {
				FRAMEWORK_SEARCH_PATHS = (
					"$(inherited)",
					"\"$(SRCROOT)/HarlemShake\"",
				);
				GCC_PRECOMPILE_PREFIX_HEADER = YES;
				GCC_PREFIX_HEADER = "HarlemShake/HarlemShake-Prefix.pch";
				INFOPLIST_FILE = "HarlemShake/HarlemShake-Info.plist";
				PRODUCT_NAME = "$(TARGET_NAME)";
				WRAPPER_EXTENSION = app;
			};
			name = Release;
		};
/* End XCBuildConfiguration section */

/* Begin XCConfigurationList section */
		35E3DDC216CC7C9A001AE3A4 /* Build configuration list for PBXProject "HarlemShake" */ = {
			isa = XCConfigurationList;
			buildConfigurations = (
				35E3DDE216CC7C9A001AE3A4 /* Debug */,
				35E3DDE316CC7C9A001AE3A4 /* Release */,
				356274F816CC800B008CDDC4 /* App Store */,
				356274F616CC8002008CDDC4 /* Ad Hoc */,
			);
			defaultConfigurationIsVisible = 0;
			defaultConfigurationName = Release;
		};
		35E3DDE416CC7C9A001AE3A4 /* Build configuration list for PBXNativeTarget "HarlemShake" */ = {
			isa = XCConfigurationList;
			buildConfigurations = (
				35E3DDE516CC7C9A001AE3A4 /* Debug */,
				35E3DDE616CC7C9A001AE3A4 /* Release */,
				356274F916CC800B008CDDC4 /* App Store */,
				356274F716CC8002008CDDC4 /* Ad Hoc */,
			);
			defaultConfigurationIsVisible = 0;
			defaultConfigurationName = Release;
		};
/* End XCConfigurationList section */
	};
	rootObject = 35E3DDBF16CC7C9A001AE3A4 /* Project object */;
}
