// !$*UTF8*$!
{
	archiveVersion = 1;
	classes = {
	};
	objectVersion = 46;
	objects = {

/* Begin PBXBuildFile section */
		350D6DFE16CCBE4A003E91A2 /* CoreMotion.framework in Frameworks */ = {isa = PBXBuildFile; fileRef = 350D6DFD16CCBE4A003E91A2 /* CoreMotion.framework */; };
		350D6E0116CDA3AF003E91A2 /* ButtonEffects.m in Sources */ = {isa = PBXBuildFile; fileRef = 350D6DFF16CDA3AF003E91A2 /* ButtonEffects.m */; };
		350D6E0416CDBD75003E91A2 /* SVProgressHUD.m in Sources */ = {isa = PBXBuildFile; fileRef = 350D6E0316CDBD75003E91A2 /* SVProgressHUD.m */; };
		35BF260B16CC8F920089F647 /* noclip.png in Resources */ = {isa = PBXBuildFile; fileRef = 35E3DDE916CC7D87001AE3A4 /* noclip.png */; };
		35BF260C16CC8F920089F647 /* noclip@2x.png in Resources */ = {isa = PBXBuildFile; fileRef = 35E3DDEA16CC7D87001AE3A4 /* noclip@2x.png */; };
		35BF260D16CC8F920089F647 /* record.png in Resources */ = {isa = PBXBuildFile; fileRef = 35E3DDEB16CC7D87001AE3A4 /* record.png */; };
		35BF260E16CC8F920089F647 /* record@2x.png in Resources */ = {isa = PBXBuildFile; fileRef = 35E3DDEC16CC7D87001AE3A4 /* record@2x.png */; };
		35BF260F16CC8F920089F647 /* part1.m4a in Resources */ = {isa = PBXBuildFile; fileRef = 35E3DE1116CC7D87001AE3A4 /* part1.m4a */; };
		35BF261016CC8F920089F647 /* part2.m4a in Resources */ = {isa = PBXBuildFile; fileRef = 35E3DE1216CC7D87001AE3A4 /* part2.m4a */; };
		35BF261316D005640089F647 /* play.png in Resources */ = {isa = PBXBuildFile; fileRef = 35BF261116D005640089F647 /* play.png */; };
		35BF261416D005640089F647 /* play@2x.png in Resources */ = {isa = PBXBuildFile; fileRef = 35BF261216D005640089F647 /* play@2x.png */; };
		35BF261616D007860089F647 /* SVProgressHUD_LICENSE in Resources */ = {isa = PBXBuildFile; fileRef = 35BF261516D007860089F647 /* SVProgressHUD_LICENSE */; };
		35E3DDCB16CC7C9A001AE3A4 /* UIKit.framework in Frameworks */ = {isa = PBXBuildFile; fileRef = 35E3DDCA16CC7C9A001AE3A4 /* UIKit.framework */; };
		35E3DDCD16CC7C9A001AE3A4 /* Foundation.framework in Frameworks */ = {isa = PBXBuildFile; fileRef = 35E3DDCC16CC7C9A001AE3A4 /* Foundation.framework */; };
		35E3DDCF16CC7C9A001AE3A4 /* CoreGraphics.framework in Frameworks */ = {isa = PBXBuildFile; fileRef = 35E3DDCE16CC7C9A001AE3A4 /* CoreGraphics.framework */; };
		35E3DDD516CC7C9A001AE3A4 /* InfoPlist.strings in Resources */ = {isa = PBXBuildFile; fileRef = 35E3DDD316CC7C9A001AE3A4 /* InfoPlist.strings */; };
		35E3DDD716CC7C9A001AE3A4 /* main.m in Sources */ = {isa = PBXBuildFile; fileRef = 35E3DDD616CC7C9A001AE3A4 /* main.m */; };
		35E3DDDB16CC7C9A001AE3A4 /* AppDelegate.m in Sources */ = {isa = PBXBuildFile; fileRef = 35E3DDDA16CC7C9A001AE3A4 /* AppDelegate.m */; };
		35E3DDDD16CC7C9A001AE3A4 /* Default.png in Resources */ = {isa = PBXBuildFile; fileRef = 35E3DDDC16CC7C9A001AE3A4 /* Default.png */; };
		35E3DDDF16CC7C9A001AE3A4 /* Default@2x.png in Resources */ = {isa = PBXBuildFile; fileRef = 35E3DDDE16CC7C9A001AE3A4 /* Default@2x.png */; };
		35E3DDE116CC7C9A001AE3A4 /* Default-568h@2x.png in Resources */ = {isa = PBXBuildFile; fileRef = 35E3DDE016CC7C9A001AE3A4 /* Default-568h@2x.png */; };
		35E3DE1716CC7D87001AE3A4 /* ClipRecorderViewController.m in Sources */ = {isa = PBXBuildFile; fileRef = 35E3DDF016CC7D87001AE3A4 /* ClipRecorderViewController.m */; };
		35E3DE1816CC7D87001AE3A4 /* RecordingOptionsViewController.m in Sources */ = {isa = PBXBuildFile; fileRef = 35E3DDF216CC7D87001AE3A4 /* RecordingOptionsViewController.m */; };
		35E3DE1916CC7D87001AE3A4 /* TestCameraViewController.m in Sources */ = {isa = PBXBuildFile; fileRef = 35E3DDF416CC7D87001AE3A4 /* TestCameraViewController.m */; };
		35E3DE1A16CC7D87001AE3A4 /* TextEditViewController.m in Sources */ = {isa = PBXBuildFile; fileRef = 35E3DDF616CC7D87001AE3A4 /* TextEditViewController.m */; };
		35E3DE1B16CC7D87001AE3A4 /* VideoInfoViewController.m in Sources */ = {isa = PBXBuildFile; fileRef = 35E3DDF816CC7D87001AE3A4 /* VideoInfoViewController.m */; };
		35E3DE1C16CC7D87001AE3A4 /* VideoListViewController.m in Sources */ = {isa = PBXBuildFile; fileRef = 35E3DDFA16CC7D87001AE3A4 /* VideoListViewController.m */; };
		35E3DE1D16CC7D87001AE3A4 /* EXDebug.m in Sources */ = {isa = PBXBuildFile; fileRef = 35E3DDFD16CC7D87001AE3A4 /* EXDebug.m */; };
		35E3DE1E16CC7D87001AE3A4 /* EXRemoteLog.m in Sources */ = {isa = PBXBuildFile; fileRef = 35E3DDFF16CC7D87001AE3A4 /* EXRemoteLog.m */; };
		35E3DE1F16CC7D87001AE3A4 /* PersistentDictionary.m in Sources */ = {isa = PBXBuildFile; fileRef = 35E3DE0116CC7D87001AE3A4 /* PersistentDictionary.m */; };
		35E3DE2016CC7D87001AE3A4 /* SingletonHelper.m in Sources */ = {isa = PBXBuildFile; fileRef = 35E3DE0316CC7D87001AE3A4 /* SingletonHelper.m */; };
		35E3DE2116CC7D87001AE3A4 /* OptionsModel.m in Sources */ = {isa = PBXBuildFile; fileRef = 35E3DE0616CC7D87001AE3A4 /* OptionsModel.m */; };
		35E3DE2216CC7D87001AE3A4 /* VideoModel.m in Sources */ = {isa = PBXBuildFile; fileRef = 35E3DE0816CC7D87001AE3A4 /* VideoModel.m */; };
		35E3DE2316CC7D87001AE3A4 /* ClipControlTableViewCell.m in Sources */ = {isa = PBXBuildFile; fileRef = 35E3DE0B16CC7D87001AE3A4 /* ClipControlTableViewCell.m */; };
		35E3DE2416CC7D87001AE3A4 /* UITableViewCellEx.m in Sources */ = {isa = PBXBuildFile; fileRef = 35E3DE0D16CC7D87001AE3A4 /* UITableViewCellEx.m */; };
		35E3DE2516CC7D87001AE3A4 /* VideoListTableViewCell.m in Sources */ = {isa = PBXBuildFile; fileRef = 35E3DE0F16CC7D87001AE3A4 /* VideoListTableViewCell.m */; };
		35E3DE2E16CC7DB6001AE3A4 /* Accelerate.framework in Frameworks */ = {isa = PBXBuildFile; fileRef = 35E3DE2816CC7DB6001AE3A4 /* Accelerate.framework */; };
		35E3DE2F16CC7DB6001AE3A4 /* AVFoundation.framework in Frameworks */ = {isa = PBXBuildFile; fileRef = 35E3DE2916CC7DB6001AE3A4 /* AVFoundation.framework */; };
		35E3DE3016CC7DB6001AE3A4 /* CoreMedia.framework in Frameworks */ = {isa = PBXBuildFile; fileRef = 35E3DE2A16CC7DB6001AE3A4 /* CoreMedia.framework */; };
		35E3DE3116CC7DB6001AE3A4 /* MediaPlayer.framework in Frameworks */ = {isa = PBXBuildFile; fileRef = 35E3DE2B16CC7DB6001AE3A4 /* MediaPlayer.framework */; };
		35E3DE3216CC7DB6001AE3A4 /* QuartzCore.framework in Frameworks */ = {isa = PBXBuildFile; fileRef = 35E3DE2C16CC7DB6001AE3A4 /* QuartzCore.framework */; };
		35E3DE3316CC7DB6001AE3A4 /* SystemConfiguration.framework in Frameworks */ = {isa = PBXBuildFile; fileRef = 35E3DE2D16CC7DB6001AE3A4 /* SystemConfiguration.framework */; };
/* End PBXBuildFile section */

/* Begin PBXFileReference section */
		350D6DFD16CCBE4A003E91A2 /* CoreMotion.framework */ = {isa = PBXFileReference; lastKnownFileType = wrapper.framework; name = CoreMotion.framework; path = System/Library/Frameworks/CoreMotion.framework; sourceTree = SDKROOT; };
		350D6DFF16CDA3AF003E91A2 /* ButtonEffects.m */ = {isa = PBXFileReference; fileEncoding = 4; lastKnownFileType = sourcecode.c.objc; path = ButtonEffects.m; sourceTree = "<group>"; };
		350D6E0016CDA3AF003E91A2 /* ButtonEffects.h */ = {isa = PBXFileReference; fileEncoding = 4; lastKnownFileType = sourcecode.c.h; path = ButtonEffects.h; sourceTree = "<group>"; };
		350D6E0216CDBD75003E91A2 /* SVProgressHUD.h */ = {isa = PBXFileReference; fileEncoding = 4; lastKnownFileType = sourcecode.c.h; path = SVProgressHUD.h; sourceTree = "<group>"; };
		350D6E0316CDBD75003E91A2 /* SVProgressHUD.m */ = {isa = PBXFileReference; fileEncoding = 4; lastKnownFileType = sourcecode.c.objc; path = SVProgressHUD.m; sourceTree = "<group>"; };
		35BF261116D005640089F647 /* play.png */ = {isa = PBXFileReference; lastKnownFileType = image.png; path = play.png; sourceTree = "<group>"; };
		35BF261216D005640089F647 /* play@2x.png */ = {isa = PBXFileReference; lastKnownFileType = image.png; path = "play@2x.png"; sourceTree = "<group>"; };
		35BF261516D007860089F647 /* SVProgressHUD_LICENSE */ = {isa = PBXFileReference; fileEncoding = 4; lastKnownFileType = text; path = SVProgressHUD_LICENSE; sourceTree = "<group>"; };
		35E3DDC716CC7C9A001AE3A4 /* HarlemShake.app */ = {isa = PBXFileReference; explicitFileType = wrapper.application; includeInIndex = 0; path = HarlemShake.app; sourceTree = BUILT_PRODUCTS_DIR; };
		35E3DDCA16CC7C9A001AE3A4 /* UIKit.framework */ = {isa = PBXFileReference; lastKnownFileType = wrapper.framework; name = UIKit.framework; path = System/Library/Frameworks/UIKit.framework; sourceTree = SDKROOT; };
		35E3DDCC16CC7C9A001AE3A4 /* Foundation.framework */ = {isa = PBXFileReference; lastKnownFileType = wrapper.framework; name = Foundation.framework; path = System/Library/Frameworks/Foundation.framework; sourceTree = SDKROOT; };
		35E3DDCE16CC7C9A001AE3A4 /* CoreGraphics.framework */ = {isa = PBXFileReference; lastKnownFileType = wrapper.framework; name = CoreGraphics.framework; path = System/Library/Frameworks/CoreGraphics.framework; sourceTree = SDKROOT; };
		35E3DDD216CC7C9A001AE3A4 /* HarlemShake-Info.plist */ = {isa = PBXFileReference; lastKnownFileType = text.plist.xml; path = "HarlemShake-Info.plist"; sourceTree = "<group>"; };
		35E3DDD416CC7C9A001AE3A4 /* en */ = {isa = PBXFileReference; lastKnownFileType = text.plist.strings; name = en; path = en.lproj/InfoPlist.strings; sourceTree = "<group>"; };
		35E3DDD616CC7C9A001AE3A4 /* main.m */ = {isa = PBXFileReference; lastKnownFileType = sourcecode.c.objc; path = main.m; sourceTree = "<group>"; };
		35E3DDD816CC7C9A001AE3A4 /* HarlemShake-Prefix.pch */ = {isa = PBXFileReference; lastKnownFileType = sourcecode.c.h; path = "HarlemShake-Prefix.pch"; sourceTree = "<group>"; };
		35E3DDD916CC7C9A001AE3A4 /* AppDelegate.h */ = {isa = PBXFileReference; lastKnownFileType = sourcecode.c.h; path = AppDelegate.h; sourceTree = "<group>"; };
		35E3DDDA16CC7C9A001AE3A4 /* AppDelegate.m */ = {isa = PBXFileReference; lastKnownFileType = sourcecode.c.objc; path = AppDelegate.m; sourceTree = "<group>"; };
		35E3DDDC16CC7C9A001AE3A4 /* Default.png */ = {isa = PBXFileReference; lastKnownFileType = image.png; path = Default.png; sourceTree = "<group>"; };
		35E3DDDE16CC7C9A001AE3A4 /* Default@2x.png */ = {isa = PBXFileReference; lastKnownFileType = image.png; path = "Default@2x.png"; sourceTree = "<group>"; };
		35E3DDE016CC7C9A001AE3A4 /* Default-568h@2x.png */ = {isa = PBXFileReference; lastKnownFileType = image.png; path = "Default-568h@2x.png"; sourceTree = "<group>"; };
		35E3DDE916CC7D87001AE3A4 /* noclip.png */ = {isa = PBXFileReference; lastKnownFileType = image.png; path = noclip.png; sourceTree = "<group>"; };
		35E3DDEA16CC7D87001AE3A4 /* noclip@2x.png */ = {isa = PBXFileReference; lastKnownFileType = image.png; path = "noclip@2x.png"; sourceTree = "<group>"; };
		35E3DDEB16CC7D87001AE3A4 /* record.png */ = {isa = PBXFileReference; lastKnownFileType = image.png; path = record.png; sourceTree = "<group>"; };
		35E3DDEC16CC7D87001AE3A4 /* record@2x.png */ = {isa = PBXFileReference; lastKnownFileType = image.png; path = "record@2x.png"; sourceTree = "<group>"; };
		35E3DDEF16CC7D87001AE3A4 /* ClipRecorderViewController.h */ = {isa = PBXFileReference; fileEncoding = 4; lastKnownFileType = sourcecode.c.h; path = ClipRecorderViewController.h; sourceTree = "<group>"; };
		35E3DDF016CC7D87001AE3A4 /* ClipRecorderViewController.m */ = {isa = PBXFileReference; fileEncoding = 4; lastKnownFileType = sourcecode.c.objc; path = ClipRecorderViewController.m; sourceTree = "<group>"; };
		35E3DDF116CC7D87001AE3A4 /* RecordingOptionsViewController.h */ = {isa = PBXFileReference; fileEncoding = 4; lastKnownFileType = sourcecode.c.h; path = RecordingOptionsViewController.h; sourceTree = "<group>"; };
		35E3DDF216CC7D87001AE3A4 /* RecordingOptionsViewController.m */ = {isa = PBXFileReference; fileEncoding = 4; lastKnownFileType = sourcecode.c.objc; path = RecordingOptionsViewController.m; sourceTree = "<group>"; };
		35E3DDF316CC7D87001AE3A4 /* TestCameraViewController.h */ = {isa = PBXFileReference; fileEncoding = 4; lastKnownFileType = sourcecode.c.h; path = TestCameraViewController.h; sourceTree = "<group>"; };
		35E3DDF416CC7D87001AE3A4 /* TestCameraViewController.m */ = {isa = PBXFileReference; fileEncoding = 4; lastKnownFileType = sourcecode.c.objc; path = TestCameraViewController.m; sourceTree = "<group>"; };
		35E3DDF516CC7D87001AE3A4 /* TextEditViewController.h */ = {isa = PBXFileReference; fileEncoding = 4; lastKnownFileType = sourcecode.c.h; path = TextEditViewController.h; sourceTree = "<group>"; };
		35E3DDF616CC7D87001AE3A4 /* TextEditViewController.m */ = {isa = PBXFileReference; fileEncoding = 4; lastKnownFileType = sourcecode.c.objc; path = TextEditViewController.m; sourceTree = "<group>"; };
		35E3DDF716CC7D87001AE3A4 /* VideoInfoViewController.h */ = {isa = PBXFileReference; fileEncoding = 4; lastKnownFileType = sourcecode.c.h; path = VideoInfoViewController.h; sourceTree = "<group>"; };
		35E3DDF816CC7D87001AE3A4 /* VideoInfoViewController.m */ = {isa = PBXFileReference; fileEncoding = 4; lastKnownFileType = sourcecode.c.objc; path = VideoInfoViewController.m; sourceTree = "<group>"; };
		35E3DDF916CC7D87001AE3A4 /* VideoListViewController.h */ = {isa = PBXFileReference; fileEncoding = 4; lastKnownFileType = sourcecode.c.h; path = VideoListViewController.h; sourceTree = "<group>"; };
		35E3DDFA16CC7D87001AE3A4 /* VideoListViewController.m */ = {isa = PBXFileReference; fileEncoding = 4; lastKnownFileType = sourcecode.c.objc; path = VideoListViewController.m; sourceTree = "<group>"; };
		35E3DDFC16CC7D87001AE3A4 /* EXDebug.h */ = {isa = PBXFileReference; fileEncoding = 4; lastKnownFileType = sourcecode.c.h; path = EXDebug.h; sourceTree = "<group>"; };
		35E3DDFD16CC7D87001AE3A4 /* EXDebug.m */ = {isa = PBXFileReference; fileEncoding = 4; lastKnownFileType = sourcecode.c.objc; path = EXDebug.m; sourceTree = "<group>"; };
		35E3DDFE16CC7D87001AE3A4 /* EXRemoteLog.h */ = {isa = PBXFileReference; fileEncoding = 4; lastKnownFileType = sourcecode.c.h; path = EXRemoteLog.h; sourceTree = "<group>"; };
		35E3DDFF16CC7D87001AE3A4 /* EXRemoteLog.m */ = {isa = PBXFileReference; fileEncoding = 4; lastKnownFileType = sourcecode.c.objc; path = EXRemoteLog.m; sourceTree = "<group>"; };
		35E3DE0016CC7D87001AE3A4 /* PersistentDictionary.h */ = {isa = PBXFileReference; fileEncoding = 4; lastKnownFileType = sourcecode.c.h; path = PersistentDictionary.h; sourceTree = "<group>"; };
		35E3DE0116CC7D87001AE3A4 /* PersistentDictionary.m */ = {isa = PBXFileReference; fileEncoding = 4; lastKnownFileType = sourcecode.c.objc; path = PersistentDictionary.m; sourceTree = "<group>"; };
		35E3DE0216CC7D87001AE3A4 /* SingletonHelper.h */ = {isa = PBXFileReference; fileEncoding = 4; lastKnownFileType = sourcecode.c.h; path = SingletonHelper.h; sourceTree = "<group>"; };
		35E3DE0316CC7D87001AE3A4 /* SingletonHelper.m */ = {isa = PBXFileReference; fileEncoding = 4; lastKnownFileType = sourcecode.c.objc; path = SingletonHelper.m; sourceTree = "<group>"; };
		35E3DE0516CC7D87001AE3A4 /* OptionsModel.h */ = {isa = PBXFileReference; fileEncoding = 4; lastKnownFileType = sourcecode.c.h; path = OptionsModel.h; sourceTree = "<group>"; };
		35E3DE0616CC7D87001AE3A4 /* OptionsModel.m */ = {isa = PBXFileReference; fileEncoding = 4; lastKnownFileType = sourcecode.c.objc; path = OptionsModel.m; sourceTree = "<group>"; };
		35E3DE0716CC7D87001AE3A4 /* VideoModel.h */ = {isa = PBXFileReference; fileEncoding = 4; lastKnownFileType = sourcecode.c.h; path = VideoModel.h; sourceTree = "<group>"; };
		35E3DE0816CC7D87001AE3A4 /* VideoModel.m */ = {isa = PBXFileReference; fileEncoding = 4; lastKnownFileType = sourcecode.c.objc; path = VideoModel.m; sourceTree = "<group>"; };
		35E3DE0A16CC7D87001AE3A4 /* ClipControlTableViewCell.h */ = {isa = PBXFileReference; fileEncoding = 4; lastKnownFileType = sourcecode.c.h; path = ClipControlTableViewCell.h; sourceTree = "<group>"; };
		35E3DE0B16CC7D87001AE3A4 /* ClipControlTableViewCell.m */ = {isa = PBXFileReference; fileEncoding = 4; lastKnownFileType = sourcecode.c.objc; path = ClipControlTableViewCell.m; sourceTree = "<group>"; };
		35E3DE0C16CC7D87001AE3A4 /* UITableViewCellEx.h */ = {isa = PBXFileReference; fileEncoding = 4; lastKnownFileType = sourcecode.c.h; path = UITableViewCellEx.h; sourceTree = "<group>"; };
		35E3DE0D16CC7D87001AE3A4 /* UITableViewCellEx.m */ = {isa = PBXFileReference; fileEncoding = 4; lastKnownFileType = sourcecode.c.objc; path = UITableViewCellEx.m; sourceTree = "<group>"; };
		35E3DE0E16CC7D87001AE3A4 /* VideoListTableViewCell.h */ = {isa = PBXFileReference; fileEncoding = 4; lastKnownFileType = sourcecode.c.h; path = VideoListTableViewCell.h; sourceTree = "<group>"; };
		35E3DE0F16CC7D87001AE3A4 /* VideoListTableViewCell.m */ = {isa = PBXFileReference; fileEncoding = 4; lastKnownFileType = sourcecode.c.objc; path = VideoListTableViewCell.m; sourceTree = "<group>"; };
		35E3DE1116CC7D87001AE3A4 /* part1.m4a */ = {isa = PBXFileReference; lastKnownFileType = file; path = part1.m4a; sourceTree = "<group>"; };
		35E3DE1216CC7D87001AE3A4 /* part2.m4a */ = {isa = PBXFileReference; lastKnownFileType = file; path = part2.m4a; sourceTree = "<group>"; };
		35E3DE2816CC7DB6001AE3A4 /* Accelerate.framework */ = {isa = PBXFileReference; lastKnownFileType = wrapper.framework; name = Accelerate.framework; path = System/Library/Frameworks/Accelerate.framework; sourceTree = SDKROOT; };
		35E3DE2916CC7DB6001AE3A4 /* AVFoundation.framework */ = {isa = PBXFileReference; lastKnownFileType = wrapper.framework; name = AVFoundation.framework; path = System/Library/Frameworks/AVFoundation.framework; sourceTree = SDKROOT; };
		35E3DE2A16CC7DB6001AE3A4 /* CoreMedia.framework */ = {isa = PBXFileReference; lastKnownFileType = wrapper.framework; name = CoreMedia.framework; path = System/Library/Frameworks/CoreMedia.framework; sourceTree = SDKROOT; };
		35E3DE2B16CC7DB6001AE3A4 /* MediaPlayer.framework */ = {isa = PBXFileReference; lastKnownFileType = wrapper.framework; name = MediaPlayer.framework; path = System/Library/Frameworks/MediaPlayer.framework; sourceTree = SDKROOT; };
		35E3DE2C16CC7DB6001AE3A4 /* QuartzCore.framework */ = {isa = PBXFileReference; lastKnownFileType = wrapper.framework; name = QuartzCore.framework; path = System/Library/Frameworks/QuartzCore.framework; sourceTree = SDKROOT; };
		35E3DE2D16CC7DB6001AE3A4 /* SystemConfiguration.framework */ = {isa = PBXFileReference; lastKnownFileType = wrapper.framework; name = SystemConfiguration.framework; path = System/Library/Frameworks/SystemConfiguration.framework; sourceTree = SDKROOT; };
/* End PBXFileReference section */

/* Begin PBXFrameworksBuildPhase section */
		35E3DDC416CC7C9A001AE3A4 /* Frameworks */ = {
			isa = PBXFrameworksBuildPhase;
			buildActionMask = 2147483647;
			files = (
				350D6DFE16CCBE4A003E91A2 /* CoreMotion.framework in Frameworks */,
				35E3DE2E16CC7DB6001AE3A4 /* Accelerate.framework in Frameworks */,
				35E3DE2F16CC7DB6001AE3A4 /* AVFoundation.framework in Frameworks */,
				35E3DE3016CC7DB6001AE3A4 /* CoreMedia.framework in Frameworks */,
				35E3DE3116CC7DB6001AE3A4 /* MediaPlayer.framework in Frameworks */,
				35E3DE3216CC7DB6001AE3A4 /* QuartzCore.framework in Frameworks */,
				35E3DE3316CC7DB6001AE3A4 /* SystemConfiguration.framework in Frameworks */,
				35E3DDCB16CC7C9A001AE3A4 /* UIKit.framework in Frameworks */,
				35E3DDCD16CC7C9A001AE3A4 /* Foundation.framework in Frameworks */,
				35E3DDCF16CC7C9A001AE3A4 /* CoreGraphics.framework in Frameworks */,
			);
			runOnlyForDeploymentPostprocessing = 0;
		};
/* End PBXFrameworksBuildPhase section */

/* Begin PBXGroup section */
		35E3DDBE16CC7C9A001AE3A4 = {
			isa = PBXGroup;
			children = (
				35E3DDD016CC7C9A001AE3A4 /* HarlemShake */,
				35E3DDC916CC7C9A001AE3A4 /* Frameworks */,
				35E3DDC816CC7C9A001AE3A4 /* Products */,
			);
			sourceTree = "<group>";
		};
		35E3DDC816CC7C9A001AE3A4 /* Products */ = {
			isa = PBXGroup;
			children = (
				35E3DDC716CC7C9A001AE3A4 /* HarlemShake.app */,
			);
			name = Products;
			sourceTree = "<group>";
		};
		35E3DDC916CC7C9A001AE3A4 /* Frameworks */ = {
			isa = PBXGroup;
			children = (
				350D6DFD16CCBE4A003E91A2 /* CoreMotion.framework */,
				35E3DE2816CC7DB6001AE3A4 /* Accelerate.framework */,
				35E3DE2916CC7DB6001AE3A4 /* AVFoundation.framework */,
				35E3DE2A16CC7DB6001AE3A4 /* CoreMedia.framework */,
				35E3DE2B16CC7DB6001AE3A4 /* MediaPlayer.framework */,
				35E3DE2C16CC7DB6001AE3A4 /* QuartzCore.framework */,
				35E3DE2D16CC7DB6001AE3A4 /* SystemConfiguration.framework */,
				35E3DDCA16CC7C9A001AE3A4 /* UIKit.framework */,
				35E3DDCC16CC7C9A001AE3A4 /* Foundation.framework */,
				35E3DDCE16CC7C9A001AE3A4 /* CoreGraphics.framework */,
			);
			name = Frameworks;
			sourceTree = "<group>";
		};
		35E3DDD016CC7C9A001AE3A4 /* HarlemShake */ = {
			isa = PBXGroup;
			children = (
				35E3DDED16CC7D87001AE3A4 /* Classes */,
				35E3DDD916CC7C9A001AE3A4 /* AppDelegate.h */,
				35E3DDDA16CC7C9A001AE3A4 /* AppDelegate.m */,
				35E3DDD116CC7C9A001AE3A4 /* Supporting Files */,
			);
			path = HarlemShake;
			sourceTree = "<group>";
		};
		35E3DDD116CC7C9A001AE3A4 /* Supporting Files */ = {
			isa = PBXGroup;
			children = (
				35E3DDE716CC7D87001AE3A4 /* Images */,
				35E3DE1016CC7D87001AE3A4 /* Audio */,
				35E3DDD216CC7C9A001AE3A4 /* HarlemShake-Info.plist */,
				35E3DDD316CC7C9A001AE3A4 /* InfoPlist.strings */,
				35E3DDD616CC7C9A001AE3A4 /* main.m */,
				35E3DDD816CC7C9A001AE3A4 /* HarlemShake-Prefix.pch */,
				35E3DDDC16CC7C9A001AE3A4 /* Default.png */,
				35E3DDDE16CC7C9A001AE3A4 /* Default@2x.png */,
				35E3DDE016CC7C9A001AE3A4 /* Default-568h@2x.png */,
			);
			name = "Supporting Files";
			sourceTree = "<group>";
		};
		35E3DDE716CC7D87001AE3A4 /* Images */ = {
			isa = PBXGroup;
			children = (
				35E3DDE816CC7D87001AE3A4 /* UI */,
			);
			path = Images;
			sourceTree = "<group>";
		};
		35E3DDE816CC7D87001AE3A4 /* UI */ = {
			isa = PBXGroup;
			children = (
				35BF261116D005640089F647 /* play.png */,
				35BF261216D005640089F647 /* play@2x.png */,
				35E3DDE916CC7D87001AE3A4 /* noclip.png */,
				35E3DDEA16CC7D87001AE3A4 /* noclip@2x.png */,
				35E3DDEB16CC7D87001AE3A4 /* record.png */,
				35E3DDEC16CC7D87001AE3A4 /* record@2x.png */,
			);
			path = UI;
			sourceTree = "<group>";
		};
		35E3DDED16CC7D87001AE3A4 /* Classes */ = {
			isa = PBXGroup;
			children = (
				35E3DDEE16CC7D87001AE3A4 /* Controllers */,
				35E3DDFB16CC7D87001AE3A4 /* Helpers */,
				35E3DE0416CC7D87001AE3A4 /* Models */,
				35E3DE0916CC7D87001AE3A4 /* Views */,
			);
			path = Classes;
			sourceTree = "<group>";
		};
		35E3DDEE16CC7D87001AE3A4 /* Controllers */ = {
			isa = PBXGroup;
			children = (
				35E3DDEF16CC7D87001AE3A4 /* ClipRecorderViewController.h */,
				35E3DDF016CC7D87001AE3A4 /* ClipRecorderViewController.m */,
				35E3DDF116CC7D87001AE3A4 /* RecordingOptionsViewController.h */,
				35E3DDF216CC7D87001AE3A4 /* RecordingOptionsViewController.m */,
				35E3DDF316CC7D87001AE3A4 /* TestCameraViewController.h */,
				35E3DDF416CC7D87001AE3A4 /* TestCameraViewController.m */,
				35E3DDF516CC7D87001AE3A4 /* TextEditViewController.h */,
				35E3DDF616CC7D87001AE3A4 /* TextEditViewController.m */,
				35E3DDF716CC7D87001AE3A4 /* VideoInfoViewController.h */,
				35E3DDF816CC7D87001AE3A4 /* VideoInfoViewController.m */,
				35E3DDF916CC7D87001AE3A4 /* VideoListViewController.h */,
				35E3DDFA16CC7D87001AE3A4 /* VideoListViewController.m */,
			);
			path = Controllers;
			sourceTree = "<group>";
		};
		35E3DDFB16CC7D87001AE3A4 /* Helpers */ = {
			isa = PBXGroup;
			children = (
				350D6E0216CDBD75003E91A2 /* SVProgressHUD.h */,
				350D6E0316CDBD75003E91A2 /* SVProgressHUD.m */,
				35BF261516D007860089F647 /* SVProgressHUD_LICENSE */,
				350D6E0016CDA3AF003E91A2 /* ButtonEffects.h */,
				350D6DFF16CDA3AF003E91A2 /* ButtonEffects.m */,
				35E3DDFC16CC7D87001AE3A4 /* EXDebug.h */,
				35E3DDFD16CC7D87001AE3A4 /* EXDebug.m */,
				35E3DDFE16CC7D87001AE3A4 /* EXRemoteLog.h */,
				35E3DDFF16CC7D87001AE3A4 /* EXRemoteLog.m */,
				35E3DE0016CC7D87001AE3A4 /* PersistentDictionary.h */,
				35E3DE0116CC7D87001AE3A4 /* PersistentDictionary.m */,
				35E3DE0216CC7D87001AE3A4 /* SingletonHelper.h */,
				35E3DE0316CC7D87001AE3A4 /* SingletonHelper.m */,
			);
			path = Helpers;
			sourceTree = "<group>";
		};
		35E3DE0416CC7D87001AE3A4 /* Models */ = {
			isa = PBXGroup;
			children = (
				35E3DE0516CC7D87001AE3A4 /* OptionsModel.h */,
				35E3DE0616CC7D87001AE3A4 /* OptionsModel.m */,
				35E3DE0716CC7D87001AE3A4 /* VideoModel.h */,
				35E3DE0816CC7D87001AE3A4 /* VideoModel.m */,
			);
			path = Models;
			sourceTree = "<group>";
		};
		35E3DE0916CC7D87001AE3A4 /* Views */ = {
			isa = PBXGroup;
			children = (
				35E3DE0A16CC7D87001AE3A4 /* ClipControlTableViewCell.h */,
				35E3DE0B16CC7D87001AE3A4 /* ClipControlTableViewCell.m */,
				35E3DE0C16CC7D87001AE3A4 /* UITableViewCellEx.h */,
				35E3DE0D16CC7D87001AE3A4 /* UITableViewCellEx.m */,
				35E3DE0E16CC7D87001AE3A4 /* VideoListTableViewCell.h */,
				35E3DE0F16CC7D87001AE3A4 /* VideoListTableViewCell.m */,
			);
			path = Views;
			sourceTree = "<group>";
		};
		35E3DE1016CC7D87001AE3A4 /* Audio */ = {
			isa = PBXGroup;
			children = (
				35E3DE1116CC7D87001AE3A4 /* part1.m4a */,
				35E3DE1216CC7D87001AE3A4 /* part2.m4a */,
			);
			path = Audio;
			sourceTree = "<group>";
		};
/* End PBXGroup section */

/* Begin PBXNativeTarget section */
		35E3DDC616CC7C9A001AE3A4 /* HarlemShake */ = {
			isa = PBXNativeTarget;
			buildConfigurationList = 35E3DDE416CC7C9A001AE3A4 /* Build configuration list for PBXNativeTarget "HarlemShake" */;
			buildPhases = (
				35E3DDC316CC7C9A001AE3A4 /* Sources */,
				35E3DDC416CC7C9A001AE3A4 /* Frameworks */,
				35E3DDC516CC7C9A001AE3A4 /* Resources */,
			);
			buildRules = (
			);
			dependencies = (
			);
			name = HarlemShake;
			productName = HarlemShake;
			productReference = 35E3DDC716CC7C9A001AE3A4 /* HarlemShake.app */;
			productType = "com.apple.product-type.application";
		};
/* End PBXNativeTarget section */

/* Begin PBXProject section */
		35E3DDBF16CC7C9A001AE3A4 /* Project object */ = {
			isa = PBXProject;
			attributes = {
				LastUpgradeCheck = 0460;
				ORGANIZATIONNAME = "Jason Fieldman";
			};
			buildConfigurationList = 35E3DDC216CC7C9A001AE3A4 /* Build configuration list for PBXProject "HarlemShake" */;
			compatibilityVersion = "Xcode 3.2";
			developmentRegion = English;
			hasScannedForEncodings = 0;
			knownRegions = (
				en,
			);
			mainGroup = 35E3DDBE16CC7C9A001AE3A4;
			productRefGroup = 35E3DDC816CC7C9A001AE3A4 /* Products */;
			projectDirPath = "";
			projectRoot = "";
			targets = (
				35E3DDC616CC7C9A001AE3A4 /* HarlemShake */,
			);
		};
/* End PBXProject section */

/* Begin PBXResourcesBuildPhase section */
		35E3DDC516CC7C9A001AE3A4 /* Resources */ = {
			isa = PBXResourcesBuildPhase;
			buildActionMask = 2147483647;
			files = (
				35E3DDD516CC7C9A001AE3A4 /* InfoPlist.strings in Resources */,
				35E3DDDD16CC7C9A001AE3A4 /* Default.png in Resources */,
				35E3DDDF16CC7C9A001AE3A4 /* Default@2x.png in Resources */,
				35E3DDE116CC7C9A001AE3A4 /* Default-568h@2x.png in Resources */,
				35BF260B16CC8F920089F647 /* noclip.png in Resources */,
				35BF260C16CC8F920089F647 /* noclip@2x.png in Resources */,
				35BF260D16CC8F920089F647 /* record.png in Resources */,
				35BF260E16CC8F920089F647 /* record@2x.png in Resources */,
				35BF260F16CC8F920089F647 /* part1.m4a in Resources */,
				35BF261016CC8F920089F647 /* part2.m4a in Resources */,
				35BF261316D005640089F647 /* play.png in Resources */,
				35BF261416D005640089F647 /* play@2x.png in Resources */,
				35BF261616D007860089F647 /* SVProgressHUD_LICENSE in Resources */,
			);
			runOnlyForDeploymentPostprocessing = 0;
		};
/* End PBXResourcesBuildPhase section */

/* Begin PBXSourcesBuildPhase section */
		35E3DDC316CC7C9A001AE3A4 /* Sources */ = {
			isa = PBXSourcesBuildPhase;
			buildActionMask = 2147483647;
			files = (
				35E3DDD716CC7C9A001AE3A4 /* main.m in Sources */,
				35E3DDDB16CC7C9A001AE3A4 /* AppDelegate.m in Sources */,
				35E3DE1716CC7D87001AE3A4 /* ClipRecorderViewController.m in Sources */,
				35E3DE1816CC7D87001AE3A4 /* RecordingOptionsViewController.m in Sources */,
				35E3DE1916CC7D87001AE3A4 /* TestCameraViewController.m in Sources */,
				35E3DE1A16CC7D87001AE3A4 /* TextEditViewController.m in Sources */,
				35E3DE1B16CC7D87001AE3A4 /* VideoInfoViewController.m in Sources */,
				35E3DE1C16CC7D87001AE3A4 /* VideoListViewController.m in Sources */,
				35E3DE1D16CC7D87001AE3A4 /* EXDebug.m in Sources */,
				35E3DE1E16CC7D87001AE3A4 /* EXRemoteLog.m in Sources */,
				35E3DE1F16CC7D87001AE3A4 /* PersistentDictionary.m in Sources */,
				35E3DE2016CC7D87001AE3A4 /* SingletonHelper.m in Sources */,
				35E3DE2116CC7D87001AE3A4 /* OptionsModel.m in Sources */,
				35E3DE2216CC7D87001AE3A4 /* VideoModel.m in Sources */,
				35E3DE2316CC7D87001AE3A4 /* ClipControlTableViewCell.m in Sources */,
				35E3DE2416CC7D87001AE3A4 /* UITableViewCellEx.m in Sources */,
				35E3DE2516CC7D87001AE3A4 /* VideoListTableViewCell.m in Sources */,
				350D6E0116CDA3AF003E91A2 /* ButtonEffects.m in Sources */,
				350D6E0416CDBD75003E91A2 /* SVProgressHUD.m in Sources */,
			);
			runOnlyForDeploymentPostprocessing = 0;
		};
/* End PBXSourcesBuildPhase section */

/* Begin PBXVariantGroup section */
		35E3DDD316CC7C9A001AE3A4 /* InfoPlist.strings */ = {
			isa = PBXVariantGroup;
			children = (
				35E3DDD416CC7C9A001AE3A4 /* en */,
			);
			name = InfoPlist.strings;
			sourceTree = "<group>";
		};
/* End PBXVariantGroup section */

/* Begin XCBuildConfiguration section */
		356274F616CC8002008CDDC4 /* Ad Hoc */ = {
			isa = XCBuildConfiguration;
			buildSettings = {
				ALWAYS_SEARCH_USER_PATHS = NO;
				CLANG_CXX_LANGUAGE_STANDARD = "gnu++0x";
				CLANG_CXX_LIBRARY = "libc++";
				CLANG_ENABLE_OBJC_ARC = YES;
				CLANG_WARN_CONSTANT_CONVERSION = YES;
				CLANG_WARN_EMPTY_BODY = YES;
				CLANG_WARN_ENUM_CONVERSION = YES;
				CLANG_WARN_INT_CONVERSION = YES;
				CLANG_WARN__DUPLICATE_METHOD_MATCH = YES;
				CODE_SIGN_IDENTITY = "iPhone Distribution: Jason Fieldman";
				"CODE_SIGN_IDENTITY[sdk=iphoneos*]" = "iPhone Distribution: Jason Fieldman";
				COPY_PHASE_STRIP = YES;
				GCC_C_LANGUAGE_STANDARD = gnu99;
				GCC_WARN_ABOUT_RETURN_TYPE = YES;
				GCC_WARN_UNINITIALIZED_AUTOS = YES;
				GCC_WARN_UNUSED_VARIABLE = YES;
				IPHONEOS_DEPLOYMENT_TARGET = 6.0;
				OTHER_CFLAGS = "-DNS_BLOCK_ASSERTIONS=1";
				PROVISIONING_PROFILE = "B5C4C83B-7533-4924-9D5A-500BDF1914F3";
				"PROVISIONING_PROFILE[sdk=iphoneos*]" = "B5C4C83B-7533-4924-9D5A-500BDF1914F3";
				SDKROOT = iphoneos;
				VALIDATE_PRODUCT = YES;
			};
			name = "Ad Hoc";
		};
		356274F716CC8002008CDDC4 /* Ad Hoc */ = {
			isa = XCBuildConfiguration;
			buildSettings = {
				GCC_PRECOMPILE_PREFIX_HEADER = YES;
				GCC_PREFIX_HEADER = "HarlemShake/HarlemShake-Prefix.pch";
				INFOPLIST_FILE = "HarlemShake/HarlemShake-Info.plist";
				PRODUCT_NAME = "$(TARGET_NAME)";
				WRAPPER_EXTENSION = app;
			};
			name = "Ad Hoc";
		};
		356274F816CC800B008CDDC4 /* App Store */ = {
			isa = XCBuildConfiguration;
			buildSettings = {
				ALWAYS_SEARCH_USER_PATHS = NO;
				CLANG_CXX_LANGUAGE_STANDARD = "gnu++0x";
				CLANG_CXX_LIBRARY = "libc++";
				CLANG_ENABLE_OBJC_ARC = YES;
				CLANG_WARN_CONSTANT_CONVERSION = YES;
				CLANG_WARN_EMPTY_BODY = YES;
				CLANG_WARN_ENUM_CONVERSION = YES;
				CLANG_WARN_INT_CONVERSION = YES;
				CLANG_WARN__DUPLICATE_METHOD_MATCH = YES;
				"CODE_SIGN_IDENTITY[sdk=iphoneos*]" = "iPhone Developer";
				COPY_PHASE_STRIP = YES;
				GCC_C_LANGUAGE_STANDARD = gnu99;
				GCC_WARN_ABOUT_RETURN_TYPE = YES;
				GCC_WARN_UNINITIALIZED_AUTOS = YES;
				GCC_WARN_UNUSED_VARIABLE = YES;
				IPHONEOS_DEPLOYMENT_TARGET = 6.0;
				OTHER_CFLAGS = "-DNS_BLOCK_ASSERTIONS=1";
				SDKROOT = iphoneos;
				VALIDATE_PRODUCT = YES;
			};
			name = "App Store";
		};
		356274F916CC800B008CDDC4 /* App Store */ = {
			isa = XCBuildConfiguration;
			buildSettings = {
				GCC_PRECOMPILE_PREFIX_HEADER = YES;
				GCC_PREFIX_HEADER = "HarlemShake/HarlemShake-Prefix.pch";
				INFOPLIST_FILE = "HarlemShake/HarlemShake-Info.plist";
				PRODUCT_NAME = "$(TARGET_NAME)";
				WRAPPER_EXTENSION = app;
			};
			name = "App Store";
		};
		35E3DDE216CC7C9A001AE3A4 /* Debug */ = {
			isa = XCBuildConfiguration;
			buildSettings = {
				ALWAYS_SEARCH_USER_PATHS = NO;
				CLANG_CXX_LANGUAGE_STANDARD = "gnu++0x";
				CLANG_CXX_LIBRARY = "libc++";
				CLANG_ENABLE_OBJC_ARC = YES;
				CLANG_WARN_CONSTANT_CONVERSION = YES;
				CLANG_WARN_EMPTY_BODY = YES;
				CLANG_WARN_ENUM_CONVERSION = YES;
				CLANG_WARN_INT_CONVERSION = YES;
				CLANG_WARN__DUPLICATE_METHOD_MATCH = YES;
				"CODE_SIGN_IDENTITY[sdk=iphoneos*]" = "iPhone Developer";
				COPY_PHASE_STRIP = NO;
				GCC_C_LANGUAGE_STANDARD = gnu99;
				GCC_DYNAMIC_NO_PIC = NO;
				GCC_OPTIMIZATION_LEVEL = 0;
				GCC_PREPROCESSOR_DEFINITIONS = (
					"DEBUG=1",
					"$(inherited)",
				);
				GCC_SYMBOLS_PRIVATE_EXTERN = NO;
				GCC_WARN_ABOUT_RETURN_TYPE = YES;
				GCC_WARN_UNINITIALIZED_AUTOS = YES;
				GCC_WARN_UNUSED_VARIABLE = YES;
				IPHONEOS_DEPLOYMENT_TARGET = 6.0;
				ONLY_ACTIVE_ARCH = YES;
				OTHER_CFLAGS = "-DEXDEBUGENABLED";
				SDKROOT = iphoneos;
			};
			name = Debug;
		};
		35E3DDE316CC7C9A001AE3A4 /* Release */ = {
			isa = XCBuildConfiguration;
			buildSettings = {
				ALWAYS_SEARCH_USER_PATHS = NO;
				CLANG_CXX_LANGUAGE_STANDARD = "gnu++0x";
				CLANG_CXX_LIBRARY = "libc++";
				CLANG_ENABLE_OBJC_ARC = YES;
				CLANG_WARN_CONSTANT_CONVERSION = YES;
				CLANG_WARN_EMPTY_BODY = YES;
				CLANG_WARN_ENUM_CONVERSION = YES;
				CLANG_WARN_INT_CONVERSION = YES;
				CLANG_WARN__DUPLICATE_METHOD_MATCH = YES;
				"CODE_SIGN_IDENTITY[sdk=iphoneos*]" = "iPhone Developer";
				COPY_PHASE_STRIP = YES;
				GCC_C_LANGUAGE_STANDARD = gnu99;
				GCC_WARN_ABOUT_RETURN_TYPE = YES;
				GCC_WARN_UNINITIALIZED_AUTOS = YES;
				GCC_WARN_UNUSED_VARIABLE = YES;
				IPHONEOS_DEPLOYMENT_TARGET = 6.0;
				OTHER_CFLAGS = "-DNS_BLOCK_ASSERTIONS=1";
				SDKROOT = iphoneos;
				VALIDATE_PRODUCT = YES;
			};
			name = Release;
		};
		35E3DDE516CC7C9A001AE3A4 /* Debug */ = {
			isa = XCBuildConfiguration;
			buildSettings = {
				GCC_PRECOMPILE_PREFIX_HEADER = YES;
				GCC_PREFIX_HEADER = "HarlemShake/HarlemShake-Prefix.pch";
				INFOPLIST_FILE = "HarlemShake/HarlemShake-Info.plist";
				PRODUCT_NAME = "$(TARGET_NAME)";
				WRAPPER_EXTENSION = app;
			};
			name = Debug;
		};
		35E3DDE616CC7C9A001AE3A4 /* Release */ = {
			isa = XCBuildConfiguration;
			buildSettings = {
				GCC_PRECOMPILE_PREFIX_HEADER = YES;
				GCC_PREFIX_HEADER = "HarlemShake/HarlemShake-Prefix.pch";
				INFOPLIST_FILE = "HarlemShake/HarlemShake-Info.plist";
				PRODUCT_NAME = "$(TARGET_NAME)";
				WRAPPER_EXTENSION = app;
			};
			name = Release;
		};
/* End XCBuildConfiguration section */

/* Begin XCConfigurationList section */
		35E3DDC216CC7C9A001AE3A4 /* Build configuration list for PBXProject "HarlemShake" */ = {
			isa = XCConfigurationList;
			buildConfigurations = (
				35E3DDE216CC7C9A001AE3A4 /* Debug */,
				35E3DDE316CC7C9A001AE3A4 /* Release */,
				356274F816CC800B008CDDC4 /* App Store */,
				356274F616CC8002008CDDC4 /* Ad Hoc */,
			);
			defaultConfigurationIsVisible = 0;
			defaultConfigurationName = Release;
		};
		35E3DDE416CC7C9A001AE3A4 /* Build configuration list for PBXNativeTarget "HarlemShake" */ = {
			isa = XCConfigurationList;
			buildConfigurations = (
				35E3DDE516CC7C9A001AE3A4 /* Debug */,
				35E3DDE616CC7C9A001AE3A4 /* Release */,
				356274F916CC800B008CDDC4 /* App Store */,
				356274F716CC8002008CDDC4 /* Ad Hoc */,
			);
			defaultConfigurationIsVisible = 0;
			defaultConfigurationName = Release;
		};
/* End XCConfigurationList section */
	};
	rootObject = 35E3DDBF16CC7C9A001AE3A4 /* Project object */;
}
